// !$*UTF8*$!
{
	archiveVersion = 1;
	classes = {
	};
	objectVersion = 56;
	objects = {

/* Begin PBXBuildFile section */
		9D69613B28FEEA8A00C036F6 /* AppDelegate.swift in Sources */ = {isa = PBXBuildFile; fileRef = 9D69613A28FEEA8A00C036F6 /* AppDelegate.swift */; };
		9D69613D28FEEA8A00C036F6 /* SceneDelegate.swift in Sources */ = {isa = PBXBuildFile; fileRef = 9D69613C28FEEA8A00C036F6 /* SceneDelegate.swift */; };
		9D69614228FEEA8A00C036F6 /* Main.storyboard in Resources */ = {isa = PBXBuildFile; fileRef = 9D69614028FEEA8A00C036F6 /* Main.storyboard */; };
		9D69614428FEEA8C00C036F6 /* Assets.xcassets in Resources */ = {isa = PBXBuildFile; fileRef = 9D69614328FEEA8C00C036F6 /* Assets.xcassets */; };
		9D69614728FEEA8C00C036F6 /* LaunchScreen.storyboard in Resources */ = {isa = PBXBuildFile; fileRef = 9D69614528FEEA8C00C036F6 /* LaunchScreen.storyboard */; };
		9D69615228FEEA8D00C036F6 /* EmojiDictionaryTests.swift in Sources */ = {isa = PBXBuildFile; fileRef = 9D69615128FEEA8D00C036F6 /* EmojiDictionaryTests.swift */; };
		9D69615C28FEEA8D00C036F6 /* EmojiDictionaryUITests.swift in Sources */ = {isa = PBXBuildFile; fileRef = 9D69615B28FEEA8D00C036F6 /* EmojiDictionaryUITests.swift */; };
		9D69615E28FEEA8D00C036F6 /* EmojiDictionaryUITestsLaunchTests.swift in Sources */ = {isa = PBXBuildFile; fileRef = 9D69615D28FEEA8D00C036F6 /* EmojiDictionaryUITestsLaunchTests.swift */; };
		9D69616B28FEEC5100C036F6 /* Emoji.swift in Sources */ = {isa = PBXBuildFile; fileRef = 9D69616A28FEEC5100C036F6 /* Emoji.swift */; };
		9D69617028FEEDAA00C036F6 /* EmojiTableViewController.swift in Sources */ = {isa = PBXBuildFile; fileRef = 9D69616F28FEEDAA00C036F6 /* EmojiTableViewController.swift */; };
		9D6961B4290045FD00C036F6 /* EmojiTableViewCell.swift in Sources */ = {isa = PBXBuildFile; fileRef = 9D6961B3290045FD00C036F6 /* EmojiTableViewCell.swift */; };
		9D6961B6290053A700C036F6 /* AddEditEmojiTableViewController.swift in Sources */ = {isa = PBXBuildFile; fileRef = 9D6961B5290053A700C036F6 /* AddEditEmojiTableViewController.swift */; };
/* End PBXBuildFile section */

/* Begin PBXContainerItemProxy section */
		9D69614E28FEEA8D00C036F6 /* PBXContainerItemProxy */ = {
			isa = PBXContainerItemProxy;
			containerPortal = 9D69612F28FEEA8A00C036F6 /* Project object */;
			proxyType = 1;
			remoteGlobalIDString = 9D69613628FEEA8A00C036F6;
			remoteInfo = EmojiDictionary;
		};
		9D69615828FEEA8D00C036F6 /* PBXContainerItemProxy */ = {
			isa = PBXContainerItemProxy;
			containerPortal = 9D69612F28FEEA8A00C036F6 /* Project object */;
			proxyType = 1;
			remoteGlobalIDString = 9D69613628FEEA8A00C036F6;
			remoteInfo = EmojiDictionary;
		};
/* End PBXContainerItemProxy section */

/* Begin PBXFileReference section */
		9D69613728FEEA8A00C036F6 /* EmojiDictionary.app */ = {isa = PBXFileReference; explicitFileType = wrapper.application; includeInIndex = 0; path = EmojiDictionary.app; sourceTree = BUILT_PRODUCTS_DIR; };
		9D69613A28FEEA8A00C036F6 /* AppDelegate.swift */ = {isa = PBXFileReference; lastKnownFileType = sourcecode.swift; path = AppDelegate.swift; sourceTree = "<group>"; };
		9D69613C28FEEA8A00C036F6 /* SceneDelegate.swift */ = {isa = PBXFileReference; lastKnownFileType = sourcecode.swift; path = SceneDelegate.swift; sourceTree = "<group>"; };
		9D69614128FEEA8A00C036F6 /* Base */ = {isa = PBXFileReference; lastKnownFileType = file.storyboard; name = Base; path = Base.lproj/Main.storyboard; sourceTree = "<group>"; };
		9D69614328FEEA8C00C036F6 /* Assets.xcassets */ = {isa = PBXFileReference; lastKnownFileType = folder.assetcatalog; path = Assets.xcassets; sourceTree = "<group>"; };
		9D69614628FEEA8C00C036F6 /* Base */ = {isa = PBXFileReference; lastKnownFileType = file.storyboard; name = Base; path = Base.lproj/LaunchScreen.storyboard; sourceTree = "<group>"; };
		9D69614828FEEA8C00C036F6 /* Info.plist */ = {isa = PBXFileReference; lastKnownFileType = text.plist.xml; path = Info.plist; sourceTree = "<group>"; };
		9D69614D28FEEA8D00C036F6 /* EmojiDictionaryTests.xctest */ = {isa = PBXFileReference; explicitFileType = wrapper.cfbundle; includeInIndex = 0; path = EmojiDictionaryTests.xctest; sourceTree = BUILT_PRODUCTS_DIR; };
		9D69615128FEEA8D00C036F6 /* EmojiDictionaryTests.swift */ = {isa = PBXFileReference; lastKnownFileType = sourcecode.swift; path = EmojiDictionaryTests.swift; sourceTree = "<group>"; };
		9D69615728FEEA8D00C036F6 /* EmojiDictionaryUITests.xctest */ = {isa = PBXFileReference; explicitFileType = wrapper.cfbundle; includeInIndex = 0; path = EmojiDictionaryUITests.xctest; sourceTree = BUILT_PRODUCTS_DIR; };
		9D69615B28FEEA8D00C036F6 /* EmojiDictionaryUITests.swift */ = {isa = PBXFileReference; lastKnownFileType = sourcecode.swift; path = EmojiDictionaryUITests.swift; sourceTree = "<group>"; };
		9D69615D28FEEA8D00C036F6 /* EmojiDictionaryUITestsLaunchTests.swift */ = {isa = PBXFileReference; lastKnownFileType = sourcecode.swift; path = EmojiDictionaryUITestsLaunchTests.swift; sourceTree = "<group>"; };
		9D69616A28FEEC5100C036F6 /* Emoji.swift */ = {isa = PBXFileReference; lastKnownFileType = sourcecode.swift; path = Emoji.swift; sourceTree = "<group>"; };
		9D69616F28FEEDAA00C036F6 /* EmojiTableViewController.swift */ = {isa = PBXFileReference; lastKnownFileType = sourcecode.swift; path = EmojiTableViewController.swift; sourceTree = "<group>"; };
		9D6961B3290045FD00C036F6 /* EmojiTableViewCell.swift */ = {isa = PBXFileReference; lastKnownFileType = sourcecode.swift; path = EmojiTableViewCell.swift; sourceTree = "<group>"; };
		9D6961B5290053A700C036F6 /* AddEditEmojiTableViewController.swift */ = {isa = PBXFileReference; lastKnownFileType = sourcecode.swift; path = AddEditEmojiTableViewController.swift; sourceTree = "<group>"; };
/* End PBXFileReference section */

/* Begin PBXFrameworksBuildPhase section */
		9D69613428FEEA8A00C036F6 /* Frameworks */ = {
			isa = PBXFrameworksBuildPhase;
			buildActionMask = 2147483647;
			files = (
			);
			runOnlyForDeploymentPostprocessing = 0;
		};
		9D69614A28FEEA8D00C036F6 /* Frameworks */ = {
			isa = PBXFrameworksBuildPhase;
			buildActionMask = 2147483647;
			files = (
			);
			runOnlyForDeploymentPostprocessing = 0;
		};
		9D69615428FEEA8D00C036F6 /* Frameworks */ = {
			isa = PBXFrameworksBuildPhase;
			buildActionMask = 2147483647;
			files = (
			);
			runOnlyForDeploymentPostprocessing = 0;
		};
/* End PBXFrameworksBuildPhase section */

/* Begin PBXGroup section */
		9D69612E28FEEA8A00C036F6 = {
			isa = PBXGroup;
			children = (
				9D69613928FEEA8A00C036F6 /* EmojiDictionary */,
				9D69615028FEEA8D00C036F6 /* EmojiDictionaryTests */,
				9D69615A28FEEA8D00C036F6 /* EmojiDictionaryUITests */,
				9D69613828FEEA8A00C036F6 /* Products */,
			);
			sourceTree = "<group>";
		};
		9D69613828FEEA8A00C036F6 /* Products */ = {
			isa = PBXGroup;
			children = (
				9D69613728FEEA8A00C036F6 /* EmojiDictionary.app */,
				9D69614D28FEEA8D00C036F6 /* EmojiDictionaryTests.xctest */,
				9D69615728FEEA8D00C036F6 /* EmojiDictionaryUITests.xctest */,
			);
			name = Products;
			sourceTree = "<group>";
		};
		9D69613928FEEA8A00C036F6 /* EmojiDictionary */ = {
			isa = PBXGroup;
			children = (
				9D69613A28FEEA8A00C036F6 /* AppDelegate.swift */,
				9D69613C28FEEA8A00C036F6 /* SceneDelegate.swift */,
				9D69616F28FEEDAA00C036F6 /* EmojiTableViewController.swift */,
				9D6961B5290053A700C036F6 /* AddEditEmojiTableViewController.swift */,
				9D6961B3290045FD00C036F6 /* EmojiTableViewCell.swift */,
				9D69614028FEEA8A00C036F6 /* Main.storyboard */,
				9D69616A28FEEC5100C036F6 /* Emoji.swift */,
				9D69614328FEEA8C00C036F6 /* Assets.xcassets */,
				9D69614528FEEA8C00C036F6 /* LaunchScreen.storyboard */,
				9D69614828FEEA8C00C036F6 /* Info.plist */,
			);
			path = EmojiDictionary;
			sourceTree = "<group>";
		};
		9D69615028FEEA8D00C036F6 /* EmojiDictionaryTests */ = {
			isa = PBXGroup;
			children = (
				9D69615128FEEA8D00C036F6 /* EmojiDictionaryTests.swift */,
			);
			path = EmojiDictionaryTests;
			sourceTree = "<group>";
		};
		9D69615A28FEEA8D00C036F6 /* EmojiDictionaryUITests */ = {
			isa = PBXGroup;
			children = (
				9D69615B28FEEA8D00C036F6 /* EmojiDictionaryUITests.swift */,
				9D69615D28FEEA8D00C036F6 /* EmojiDictionaryUITestsLaunchTests.swift */,
			);
			path = EmojiDictionaryUITests;
			sourceTree = "<group>";
		};
/* End PBXGroup section */

/* Begin PBXNativeTarget section */
		9D69613628FEEA8A00C036F6 /* EmojiDictionary */ = {
			isa = PBXNativeTarget;
			buildConfigurationList = 9D69616128FEEA8D00C036F6 /* Build configuration list for PBXNativeTarget "EmojiDictionary" */;
			buildPhases = (
				9D69613328FEEA8A00C036F6 /* Sources */,
				9D69613428FEEA8A00C036F6 /* Frameworks */,
				9D69613528FEEA8A00C036F6 /* Resources */,
			);
			buildRules = (
			);
			dependencies = (
			);
			name = EmojiDictionary;
			productName = EmojiDictionary;
			productReference = 9D69613728FEEA8A00C036F6 /* EmojiDictionary.app */;
			productType = "com.apple.product-type.application";
		};
		9D69614C28FEEA8D00C036F6 /* EmojiDictionaryTests */ = {
			isa = PBXNativeTarget;
			buildConfigurationList = 9D69616428FEEA8D00C036F6 /* Build configuration list for PBXNativeTarget "EmojiDictionaryTests" */;
			buildPhases = (
				9D69614928FEEA8D00C036F6 /* Sources */,
				9D69614A28FEEA8D00C036F6 /* Frameworks */,
				9D69614B28FEEA8D00C036F6 /* Resources */,
			);
			buildRules = (
			);
			dependencies = (
				9D69614F28FEEA8D00C036F6 /* PBXTargetDependency */,
			);
			name = EmojiDictionaryTests;
			productName = EmojiDictionaryTests;
			productReference = 9D69614D28FEEA8D00C036F6 /* EmojiDictionaryTests.xctest */;
			productType = "com.apple.product-type.bundle.unit-test";
		};
		9D69615628FEEA8D00C036F6 /* EmojiDictionaryUITests */ = {
			isa = PBXNativeTarget;
			buildConfigurationList = 9D69616728FEEA8D00C036F6 /* Build configuration list for PBXNativeTarget "EmojiDictionaryUITests" */;
			buildPhases = (
				9D69615328FEEA8D00C036F6 /* Sources */,
				9D69615428FEEA8D00C036F6 /* Frameworks */,
				9D69615528FEEA8D00C036F6 /* Resources */,
			);
			buildRules = (
			);
			dependencies = (
				9D69615928FEEA8D00C036F6 /* PBXTargetDependency */,
			);
			name = EmojiDictionaryUITests;
			productName = EmojiDictionaryUITests;
			productReference = 9D69615728FEEA8D00C036F6 /* EmojiDictionaryUITests.xctest */;
			productType = "com.apple.product-type.bundle.ui-testing";
		};
/* End PBXNativeTarget section */

/* Begin PBXProject section */
		9D69612F28FEEA8A00C036F6 /* Project object */ = {
			isa = PBXProject;
			attributes = {
				BuildIndependentTargetsInParallel = 1;
				LastSwiftUpdateCheck = 1400;
				LastUpgradeCheck = 1400;
				TargetAttributes = {
					9D69613628FEEA8A00C036F6 = {
						CreatedOnToolsVersion = 14.0.1;
					};
					9D69614C28FEEA8D00C036F6 = {
						CreatedOnToolsVersion = 14.0.1;
						TestTargetID = 9D69613628FEEA8A00C036F6;
					};
					9D69615628FEEA8D00C036F6 = {
						CreatedOnToolsVersion = 14.0.1;
						TestTargetID = 9D69613628FEEA8A00C036F6;
					};
				};
			};
			buildConfigurationList = 9D69613228FEEA8A00C036F6 /* Build configuration list for PBXProject "EmojiDictionary" */;
			compatibilityVersion = "Xcode 14.0";
			developmentRegion = en;
			hasScannedForEncodings = 0;
			knownRegions = (
				en,
				Base,
			);
			mainGroup = 9D69612E28FEEA8A00C036F6;
			productRefGroup = 9D69613828FEEA8A00C036F6 /* Products */;
			projectDirPath = "";
			projectRoot = "";
			targets = (
				9D69613628FEEA8A00C036F6 /* EmojiDictionary */,
				9D69614C28FEEA8D00C036F6 /* EmojiDictionaryTests */,
				9D69615628FEEA8D00C036F6 /* EmojiDictionaryUITests */,
			);
		};
/* End PBXProject section */

/* Begin PBXResourcesBuildPhase section */
		9D69613528FEEA8A00C036F6 /* Resources */ = {
			isa = PBXResourcesBuildPhase;
			buildActionMask = 2147483647;
			files = (
				9D69614728FEEA8C00C036F6 /* LaunchScreen.storyboard in Resources */,
				9D69614428FEEA8C00C036F6 /* Assets.xcassets in Resources */,
				9D69614228FEEA8A00C036F6 /* Main.storyboard in Resources */,
			);
			runOnlyForDeploymentPostprocessing = 0;
		};
		9D69614B28FEEA8D00C036F6 /* Resources */ = {
			isa = PBXResourcesBuildPhase;
			buildActionMask = 2147483647;
			files = (
			);
			runOnlyForDeploymentPostprocessing = 0;
		};
		9D69615528FEEA8D00C036F6 /* Resources */ = {
			isa = PBXResourcesBuildPhase;
			buildActionMask = 2147483647;
			files = (
			);
			runOnlyForDeploymentPostprocessing = 0;
		};
/* End PBXResourcesBuildPhase section */

/* Begin PBXSourcesBuildPhase section */
		9D69613328FEEA8A00C036F6 /* Sources */ = {
			isa = PBXSourcesBuildPhase;
			buildActionMask = 2147483647;
			files = (
				9D69616B28FEEC5100C036F6 /* Emoji.swift in Sources */,
				9D69617028FEEDAA00C036F6 /* EmojiTableViewController.swift in Sources */,
				9D6961B4290045FD00C036F6 /* EmojiTableViewCell.swift in Sources */,
				9D69613B28FEEA8A00C036F6 /* AppDelegate.swift in Sources */,
				9D6961B6290053A700C036F6 /* AddEditEmojiTableViewController.swift in Sources */,
				9D69613D28FEEA8A00C036F6 /* SceneDelegate.swift in Sources */,
			);
			runOnlyForDeploymentPostprocessing = 0;
		};
		9D69614928FEEA8D00C036F6 /* Sources */ = {
			isa = PBXSourcesBuildPhase;
			buildActionMask = 2147483647;
			files = (
				9D69615228FEEA8D00C036F6 /* EmojiDictionaryTests.swift in Sources */,
			);
			runOnlyForDeploymentPostprocessing = 0;
		};
		9D69615328FEEA8D00C036F6 /* Sources */ = {
			isa = PBXSourcesBuildPhase;
			buildActionMask = 2147483647;
			files = (
				9D69615C28FEEA8D00C036F6 /* EmojiDictionaryUITests.swift in Sources */,
				9D69615E28FEEA8D00C036F6 /* EmojiDictionaryUITestsLaunchTests.swift in Sources */,
			);
			runOnlyForDeploymentPostprocessing = 0;
		};
/* End PBXSourcesBuildPhase section */

/* Begin PBXTargetDependency section */
		9D69614F28FEEA8D00C036F6 /* PBXTargetDependency */ = {
			isa = PBXTargetDependency;
			target = 9D69613628FEEA8A00C036F6 /* EmojiDictionary */;
			targetProxy = 9D69614E28FEEA8D00C036F6 /* PBXContainerItemProxy */;
		};
		9D69615928FEEA8D00C036F6 /* PBXTargetDependency */ = {
			isa = PBXTargetDependency;
			target = 9D69613628FEEA8A00C036F6 /* EmojiDictionary */;
			targetProxy = 9D69615828FEEA8D00C036F6 /* PBXContainerItemProxy */;
		};
/* End PBXTargetDependency section */

/* Begin PBXVariantGroup section */
		9D69614028FEEA8A00C036F6 /* Main.storyboard */ = {
			isa = PBXVariantGroup;
			children = (
				9D69614128FEEA8A00C036F6 /* Base */,
			);
			name = Main.storyboard;
			sourceTree = "<group>";
		};
		9D69614528FEEA8C00C036F6 /* LaunchScreen.storyboard */ = {
			isa = PBXVariantGroup;
			children = (
				9D69614628FEEA8C00C036F6 /* Base */,
			);
			name = LaunchScreen.storyboard;
			sourceTree = "<group>";
		};
/* End PBXVariantGroup section */

/* Begin XCBuildConfiguration section */
		9D69615F28FEEA8D00C036F6 /* Debug */ = {
			isa = XCBuildConfiguration;
			buildSettings = {
				ALWAYS_SEARCH_USER_PATHS = NO;
				CLANG_ANALYZER_NONNULL = YES;
				CLANG_ANALYZER_NUMBER_OBJECT_CONVERSION = YES_AGGRESSIVE;
				CLANG_CXX_LANGUAGE_STANDARD = "gnu++20";
				CLANG_ENABLE_MODULES = YES;
				CLANG_ENABLE_OBJC_ARC = YES;
				CLANG_ENABLE_OBJC_WEAK = YES;
				CLANG_WARN_BLOCK_CAPTURE_AUTORELEASING = YES;
				CLANG_WARN_BOOL_CONVERSION = YES;
				CLANG_WARN_COMMA = YES;
				CLANG_WARN_CONSTANT_CONVERSION = YES;
				CLANG_WARN_DEPRECATED_OBJC_IMPLEMENTATIONS = YES;
				CLANG_WARN_DIRECT_OBJC_ISA_USAGE = YES_ERROR;
				CLANG_WARN_DOCUMENTATION_COMMENTS = YES;
				CLANG_WARN_EMPTY_BODY = YES;
				CLANG_WARN_ENUM_CONVERSION = YES;
				CLANG_WARN_INFINITE_RECURSION = YES;
				CLANG_WARN_INT_CONVERSION = YES;
				CLANG_WARN_NON_LITERAL_NULL_CONVERSION = YES;
				CLANG_WARN_OBJC_IMPLICIT_RETAIN_SELF = YES;
				CLANG_WARN_OBJC_LITERAL_CONVERSION = YES;
				CLANG_WARN_OBJC_ROOT_CLASS = YES_ERROR;
				CLANG_WARN_QUOTED_INCLUDE_IN_FRAMEWORK_HEADER = YES;
				CLANG_WARN_RANGE_LOOP_ANALYSIS = YES;
				CLANG_WARN_STRICT_PROTOTYPES = YES;
				CLANG_WARN_SUSPICIOUS_MOVE = YES;
				CLANG_WARN_UNGUARDED_AVAILABILITY = YES_AGGRESSIVE;
				CLANG_WARN_UNREACHABLE_CODE = YES;
				CLANG_WARN__DUPLICATE_METHOD_MATCH = YES;
				COPY_PHASE_STRIP = NO;
				DEBUG_INFORMATION_FORMAT = dwarf;
				ENABLE_STRICT_OBJC_MSGSEND = YES;
				ENABLE_TESTABILITY = YES;
				GCC_C_LANGUAGE_STANDARD = gnu11;
				GCC_DYNAMIC_NO_PIC = NO;
				GCC_NO_COMMON_BLOCKS = YES;
				GCC_OPTIMIZATION_LEVEL = 0;
				GCC_PREPROCESSOR_DEFINITIONS = (
					"DEBUG=1",
					"$(inherited)",
				);
				GCC_WARN_64_TO_32_BIT_CONVERSION = YES;
				GCC_WARN_ABOUT_RETURN_TYPE = YES_ERROR;
				GCC_WARN_UNDECLARED_SELECTOR = YES;
				GCC_WARN_UNINITIALIZED_AUTOS = YES_AGGRESSIVE;
				GCC_WARN_UNUSED_FUNCTION = YES;
				GCC_WARN_UNUSED_VARIABLE = YES;
				IPHONEOS_DEPLOYMENT_TARGET = 16.0;
				MTL_ENABLE_DEBUG_INFO = INCLUDE_SOURCE;
				MTL_FAST_MATH = YES;
				ONLY_ACTIVE_ARCH = YES;
				SDKROOT = iphoneos;
				SWIFT_ACTIVE_COMPILATION_CONDITIONS = DEBUG;
				SWIFT_OPTIMIZATION_LEVEL = "-Onone";
			};
			name = Debug;
		};
		9D69616028FEEA8D00C036F6 /* Release */ = {
			isa = XCBuildConfiguration;
			buildSettings = {
				ALWAYS_SEARCH_USER_PATHS = NO;
				CLANG_ANALYZER_NONNULL = YES;
				CLANG_ANALYZER_NUMBER_OBJECT_CONVERSION = YES_AGGRESSIVE;
				CLANG_CXX_LANGUAGE_STANDARD = "gnu++20";
				CLANG_ENABLE_MODULES = YES;
				CLANG_ENABLE_OBJC_ARC = YES;
				CLANG_ENABLE_OBJC_WEAK = YES;
				CLANG_WARN_BLOCK_CAPTURE_AUTORELEASING = YES;
				CLANG_WARN_BOOL_CONVERSION = YES;
				CLANG_WARN_COMMA = YES;
				CLANG_WARN_CONSTANT_CONVERSION = YES;
				CLANG_WARN_DEPRECATED_OBJC_IMPLEMENTATIONS = YES;
				CLANG_WARN_DIRECT_OBJC_ISA_USAGE = YES_ERROR;
				CLANG_WARN_DOCUMENTATION_COMMENTS = YES;
				CLANG_WARN_EMPTY_BODY = YES;
				CLANG_WARN_ENUM_CONVERSION = YES;
				CLANG_WARN_INFINITE_RECURSION = YES;
				CLANG_WARN_INT_CONVERSION = YES;
				CLANG_WARN_NON_LITERAL_NULL_CONVERSION = YES;
				CLANG_WARN_OBJC_IMPLICIT_RETAIN_SELF = YES;
				CLANG_WARN_OBJC_LITERAL_CONVERSION = YES;
				CLANG_WARN_OBJC_ROOT_CLASS = YES_ERROR;
				CLANG_WARN_QUOTED_INCLUDE_IN_FRAMEWORK_HEADER = YES;
				CLANG_WARN_RANGE_LOOP_ANALYSIS = YES;
				CLANG_WARN_STRICT_PROTOTYPES = YES;
				CLANG_WARN_SUSPICIOUS_MOVE = YES;
				CLANG_WARN_UNGUARDED_AVAILABILITY = YES_AGGRESSIVE;
				CLANG_WARN_UNREACHABLE_CODE = YES;
				CLANG_WARN__DUPLICATE_METHOD_MATCH = YES;
				COPY_PHASE_STRIP = NO;
				DEBUG_INFORMATION_FORMAT = "dwarf-with-dsym";
				ENABLE_NS_ASSERTIONS = NO;
				ENABLE_STRICT_OBJC_MSGSEND = YES;
				GCC_C_LANGUAGE_STANDARD = gnu11;
				GCC_NO_COMMON_BLOCKS = YES;
				GCC_WARN_64_TO_32_BIT_CONVERSION = YES;
				GCC_WARN_ABOUT_RETURN_TYPE = YES_ERROR;
				GCC_WARN_UNDECLARED_SELECTOR = YES;
				GCC_WARN_UNINITIALIZED_AUTOS = YES_AGGRESSIVE;
				GCC_WARN_UNUSED_FUNCTION = YES;
				GCC_WARN_UNUSED_VARIABLE = YES;
				IPHONEOS_DEPLOYMENT_TARGET = 16.0;
				MTL_ENABLE_DEBUG_INFO = NO;
				MTL_FAST_MATH = YES;
				SDKROOT = iphoneos;
				SWIFT_COMPILATION_MODE = wholemodule;
				SWIFT_OPTIMIZATION_LEVEL = "-O";
				VALIDATE_PRODUCT = YES;
			};
			name = Release;
		};
		9D69616228FEEA8D00C036F6 /* Debug */ = {
			isa = XCBuildConfiguration;
			buildSettings = {
				ASSETCATALOG_COMPILER_APPICON_NAME = AppIcon;
				ASSETCATALOG_COMPILER_GLOBAL_ACCENT_COLOR_NAME = AccentColor;
				CODE_SIGN_STYLE = Automatic;
				CURRENT_PROJECT_VERSION = 1;
				DEVELOPMENT_TEAM = U994ZW592L;
				GENERATE_INFOPLIST_FILE = YES;
				INFOPLIST_FILE = EmojiDictionary/Info.plist;
				INFOPLIST_KEY_UIApplicationSupportsIndirectInputEvents = YES;
				INFOPLIST_KEY_UILaunchStoryboardName = LaunchScreen;
				INFOPLIST_KEY_UIMainStoryboardFile = Main;
				INFOPLIST_KEY_UISupportedInterfaceOrientations_iPad = "UIInterfaceOrientationPortrait UIInterfaceOrientationPortraitUpsideDown UIInterfaceOrientationLandscapeLeft UIInterfaceOrientationLandscapeRight";
				INFOPLIST_KEY_UISupportedInterfaceOrientations_iPhone = "UIInterfaceOrientationPortrait UIInterfaceOrientationLandscapeLeft UIInterfaceOrientationLandscapeRight";
				LD_RUNPATH_SEARCH_PATHS = (
					"$(inherited)",
					"@executable_path/Frameworks",
				);
				MARKETING_VERSION = 1.0;
				PRODUCT_BUNDLE_IDENTIFIER = Practice.EmojiDictionary;
				PRODUCT_NAME = "$(TARGET_NAME)";
				SWIFT_EMIT_LOC_STRINGS = YES;
				SWIFT_VERSION = 5.0;
				TARGETED_DEVICE_FAMILY = "1,2";
			};
			name = Debug;
		};
		9D69616328FEEA8D00C036F6 /* Release */ = {
			isa = XCBuildConfiguration;
			buildSettings = {
				ASSETCATALOG_COMPILER_APPICON_NAME = AppIcon;
				ASSETCATALOG_COMPILER_GLOBAL_ACCENT_COLOR_NAME = AccentColor;
				CODE_SIGN_STYLE = Automatic;
				CURRENT_PROJECT_VERSION = 1;
				DEVELOPMENT_TEAM = U994ZW592L;
				GENERATE_INFOPLIST_FILE = YES;
				INFOPLIST_FILE = EmojiDictionary/Info.plist;
				INFOPLIST_KEY_UIApplicationSupportsIndirectInputEvents = YES;
				INFOPLIST_KEY_UILaunchStoryboardName = LaunchScreen;
				INFOPLIST_KEY_UIMainStoryboardFile = Main;
				INFOPLIST_KEY_UISupportedInterfaceOrientations_iPad = "UIInterfaceOrientationPortrait UIInterfaceOrientationPortraitUpsideDown UIInterfaceOrientationLandscapeLeft UIInterfaceOrientationLandscapeRight";
				INFOPLIST_KEY_UISupportedInterfaceOrientations_iPhone = "UIInterfaceOrientationPortrait UIInterfaceOrientationLandscapeLeft UIInterfaceOrientationLandscapeRight";
				LD_RUNPATH_SEARCH_PATHS = (
					"$(inherited)",
					"@executable_path/Frameworks",
				);
				MARKETING_VERSION = 1.0;
				PRODUCT_BUNDLE_IDENTIFIER = Practice.EmojiDictionary;
				PRODUCT_NAME = "$(TARGET_NAME)";
				SWIFT_EMIT_LOC_STRINGS = YES;
				SWIFT_VERSION = 5.0;
				TARGETED_DEVICE_FAMILY = "1,2";
			};
			name = Release;
		};
		9D69616528FEEA8D00C036F6 /* Debug */ = {
			isa = XCBuildConfiguration;
			buildSettings = {
				ALWAYS_EMBED_SWIFT_STANDARD_LIBRARIES = YES;
				BUNDLE_LOADER = "$(TEST_HOST)";
				CODE_SIGN_STYLE = Automatic;
				CURRENT_PROJECT_VERSION = 1;
				DEVELOPMENT_TEAM = U994ZW592L;
				GENERATE_INFOPLIST_FILE = YES;
				IPHONEOS_DEPLOYMENT_TARGET = 16.0;
				MARKETING_VERSION = 1.0;
				PRODUCT_BUNDLE_IDENTIFIER = Practice.EmojiDictionaryTests;
				PRODUCT_NAME = "$(TARGET_NAME)";
				SWIFT_EMIT_LOC_STRINGS = NO;
				SWIFT_VERSION = 5.0;
				TARGETED_DEVICE_FAMILY = "1,2";
				TEST_HOST = "$(BUILT_PRODUCTS_DIR)/EmojiDictionary.app/$(BUNDLE_EXECUTABLE_FOLDER_PATH)/EmojiDictionary";
			};
			name = Debug;
		};
		9D69616628FEEA8D00C036F6 /* Release */ = {
			isa = XCBuildConfiguration;
			buildSettings = {
				ALWAYS_EMBED_SWIFT_STANDARD_LIBRARIES = YES;
				BUNDLE_LOADER = "$(TEST_HOST)";
				CODE_SIGN_STYLE = Automatic;
				CURRENT_PROJECT_VERSION = 1;
				DEVELOPMENT_TEAM = U994ZW592L;
				GENERATE_INFOPLIST_FILE = YES;
				IPHONEOS_DEPLOYMENT_TARGET = 16.0;
				MARKETING_VERSION = 1.0;
				PRODUCT_BUNDLE_IDENTIFIER = Practice.EmojiDictionaryTests;
				PRODUCT_NAME = "$(TARGET_NAME)";
				SWIFT_EMIT_LOC_STRINGS = NO;
				SWIFT_VERSION = 5.0;
				TARGETED_DEVICE_FAMILY = "1,2";
				TEST_HOST = "$(BUILT_PRODUCTS_DIR)/EmojiDictionary.app/$(BUNDLE_EXECUTABLE_FOLDER_PATH)/EmojiDictionary";
			};
			name = Release;
		};
		9D69616828FEEA8D00C036F6 /* Debug */ = {
			isa = XCBuildConfiguration;
			buildSettings = {
				ALWAYS_EMBED_SWIFT_STANDARD_LIBRARIES = YES;
				CODE_SIGN_STYLE = Automatic;
				CURRENT_PROJECT_VERSION = 1;
				DEVELOPMENT_TEAM = U994ZW592L;
				GENERATE_INFOPLIST_FILE = YES;
				MARKETING_VERSION = 1.0;
				PRODUCT_BUNDLE_IDENTIFIER = Practice.EmojiDictionaryUITests;
				PRODUCT_NAME = "$(TARGET_NAME)";
				SWIFT_EMIT_LOC_STRINGS = NO;
				SWIFT_VERSION = 5.0;
				TARGETED_DEVICE_FAMILY = "1,2";
				TEST_TARGET_NAME = EmojiDictionary;
			};
			name = Debug;
		};
		9D69616928FEEA8D00C036F6 /* Release */ = {
			isa = XCBuildConfiguration;
			buildSettings = {
				ALWAYS_EMBED_SWIFT_STANDARD_LIBRARIES = YES;
				CODE_SIGN_STYLE = Automatic;
				CURRENT_PROJECT_VERSION = 1;
				DEVELOPMENT_TEAM = U994ZW592L;
				GENERATE_INFOPLIST_FILE = YES;
				MARKETING_VERSION = 1.0;
				PRODUCT_BUNDLE_IDENTIFIER = Practice.EmojiDictionaryUITests;
				PRODUCT_NAME = "$(TARGET_NAME)";
				SWIFT_EMIT_LOC_STRINGS = NO;
				SWIFT_VERSION = 5.0;
				TARGETED_DEVICE_FAMILY = "1,2";
				TEST_TARGET_NAME = EmojiDictionary;
			};
			name = Release;
		};
/* End XCBuildConfiguration section */

/* Begin XCConfigurationList section */
		9D69613228FEEA8A00C036F6 /* Build configuration list for PBXProject "EmojiDictionary" */ = {
			isa = XCConfigurationList;
			buildConfigurations = (
				9D69615F28FEEA8D00C036F6 /* Debug */,
				9D69616028FEEA8D00C036F6 /* Release */,
			);
			defaultConfigurationIsVisible = 0;
			defaultConfigurationName = Release;
		};
		9D69616128FEEA8D00C036F6 /* Build configuration list for PBXNativeTarget "EmojiDictionary" */ = {
			isa = XCConfigurationList;
			buildConfigurations = (
				9D69616228FEEA8D00C036F6 /* Debug */,
				9D69616328FEEA8D00C036F6 /* Release */,
			);
			defaultConfigurationIsVisible = 0;
			defaultConfigurationName = Release;
		};
		9D69616428FEEA8D00C036F6 /* Build configuration list for PBXNativeTarget "EmojiDictionaryTests" */ = {
			isa = XCConfigurationList;
			buildConfigurations = (
				9D69616528FEEA8D00C036F6 /* Debug */,
				9D69616628FEEA8D00C036F6 /* Release */,
			);
			defaultConfigurationIsVisible = 0;
			defaultConfigurationName = Release;
		};
		9D69616728FEEA8D00C036F6 /* Build configuration list for PBXNativeTarget "EmojiDictionaryUITests" */ = {
			isa = XCConfigurationList;
			buildConfigurations = (
				9D69616828FEEA8D00C036F6 /* Debug */,
				9D69616928FEEA8D00C036F6 /* Release */,
			);
			defaultConfigurationIsVisible = 0;
			defaultConfigurationName = Release;
		};
/* End XCConfigurationList section */
	};
	rootObject = 9D69612F28FEEA8A00C036F6 /* Project object */;
}
