// !$*UTF8*$!
{
	archiveVersion = 1;
	classes = {
	};
	objectVersion = 55;
	objects = {

/* Begin PBXBuildFile section */
		9D40A79F28BFA47D008BA9D3 /* AppDelegate.swift in Sources */ = {isa = PBXBuildFile; fileRef = 9D40A79E28BFA47D008BA9D3 /* AppDelegate.swift */; };
		9D40A7A128BFA47D008BA9D3 /* SceneDelegate.swift in Sources */ = {isa = PBXBuildFile; fileRef = 9D40A7A028BFA47D008BA9D3 /* SceneDelegate.swift */; };
		9D40A7A328BFA47D008BA9D3 /* ViewController.swift in Sources */ = {isa = PBXBuildFile; fileRef = 9D40A7A228BFA47D008BA9D3 /* ViewController.swift */; };
		9D40A7A628BFA47D008BA9D3 /* Main.storyboard in Resources */ = {isa = PBXBuildFile; fileRef = 9D40A7A428BFA47D008BA9D3 /* Main.storyboard */; };
		9D40A7A828BFA480008BA9D3 /* Assets.xcassets in Resources */ = {isa = PBXBuildFile; fileRef = 9D40A7A728BFA480008BA9D3 /* Assets.xcassets */; };
		9D40A7AB28BFA480008BA9D3 /* LaunchScreen.storyboard in Resources */ = {isa = PBXBuildFile; fileRef = 9D40A7A928BFA480008BA9D3 /* LaunchScreen.storyboard */; };
		9D40A7B628BFA480008BA9D3 /* interfaceBuildersTests.swift in Sources */ = {isa = PBXBuildFile; fileRef = 9D40A7B528BFA480008BA9D3 /* interfaceBuildersTests.swift */; };
		9D40A7C028BFA480008BA9D3 /* interfaceBuildersUITests.swift in Sources */ = {isa = PBXBuildFile; fileRef = 9D40A7BF28BFA480008BA9D3 /* interfaceBuildersUITests.swift */; };
		9D40A7C228BFA480008BA9D3 /* interfaceBuildersUITestsLaunchTests.swift in Sources */ = {isa = PBXBuildFile; fileRef = 9D40A7C128BFA480008BA9D3 /* interfaceBuildersUITestsLaunchTests.swift */; };
/* End PBXBuildFile section */

/* Begin PBXContainerItemProxy section */
		9D40A7B228BFA480008BA9D3 /* PBXContainerItemProxy */ = {
			isa = PBXContainerItemProxy;
			containerPortal = 9D40A79328BFA47D008BA9D3 /* Project object */;
			proxyType = 1;
			remoteGlobalIDString = 9D40A79A28BFA47D008BA9D3;
			remoteInfo = interfaceBuilders;
		};
		9D40A7BC28BFA480008BA9D3 /* PBXContainerItemProxy */ = {
			isa = PBXContainerItemProxy;
			containerPortal = 9D40A79328BFA47D008BA9D3 /* Project object */;
			proxyType = 1;
			remoteGlobalIDString = 9D40A79A28BFA47D008BA9D3;
			remoteInfo = interfaceBuilders;
		};
/* End PBXContainerItemProxy section */

/* Begin PBXFileReference section */
		9D40A79B28BFA47D008BA9D3 /* interfaceBuilders.app */ = {isa = PBXFileReference; explicitFileType = wrapper.application; includeInIndex = 0; path = interfaceBuilders.app; sourceTree = BUILT_PRODUCTS_DIR; };
		9D40A79E28BFA47D008BA9D3 /* AppDelegate.swift */ = {isa = PBXFileReference; lastKnownFileType = sourcecode.swift; path = AppDelegate.swift; sourceTree = "<group>"; };
		9D40A7A028BFA47D008BA9D3 /* SceneDelegate.swift */ = {isa = PBXFileReference; lastKnownFileType = sourcecode.swift; path = SceneDelegate.swift; sourceTree = "<group>"; };
		9D40A7A228BFA47D008BA9D3 /* ViewController.swift */ = {isa = PBXFileReference; lastKnownFileType = sourcecode.swift; path = ViewController.swift; sourceTree = "<group>"; };
		9D40A7A528BFA47D008BA9D3 /* Base */ = {isa = PBXFileReference; lastKnownFileType = file.storyboard; name = Base; path = Base.lproj/Main.storyboard; sourceTree = "<group>"; };
		9D40A7A728BFA480008BA9D3 /* Assets.xcassets */ = {isa = PBXFileReference; lastKnownFileType = folder.assetcatalog; path = Assets.xcassets; sourceTree = "<group>"; };
		9D40A7AA28BFA480008BA9D3 /* Base */ = {isa = PBXFileReference; lastKnownFileType = file.storyboard; name = Base; path = Base.lproj/LaunchScreen.storyboard; sourceTree = "<group>"; };
		9D40A7AC28BFA480008BA9D3 /* Info.plist */ = {isa = PBXFileReference; lastKnownFileType = text.plist.xml; path = Info.plist; sourceTree = "<group>"; };
		9D40A7B128BFA480008BA9D3 /* interfaceBuildersTests.xctest */ = {isa = PBXFileReference; explicitFileType = wrapper.cfbundle; includeInIndex = 0; path = interfaceBuildersTests.xctest; sourceTree = BUILT_PRODUCTS_DIR; };
		9D40A7B528BFA480008BA9D3 /* interfaceBuildersTests.swift */ = {isa = PBXFileReference; lastKnownFileType = sourcecode.swift; path = interfaceBuildersTests.swift; sourceTree = "<group>"; };
		9D40A7BB28BFA480008BA9D3 /* interfaceBuildersUITests.xctest */ = {isa = PBXFileReference; explicitFileType = wrapper.cfbundle; includeInIndex = 0; path = interfaceBuildersUITests.xctest; sourceTree = BUILT_PRODUCTS_DIR; };
		9D40A7BF28BFA480008BA9D3 /* interfaceBuildersUITests.swift */ = {isa = PBXFileReference; lastKnownFileType = sourcecode.swift; path = interfaceBuildersUITests.swift; sourceTree = "<group>"; };
		9D40A7C128BFA480008BA9D3 /* interfaceBuildersUITestsLaunchTests.swift */ = {isa = PBXFileReference; lastKnownFileType = sourcecode.swift; path = interfaceBuildersUITestsLaunchTests.swift; sourceTree = "<group>"; };
/* End PBXFileReference section */

/* Begin PBXFrameworksBuildPhase section */
		9D40A79828BFA47D008BA9D3 /* Frameworks */ = {
			isa = PBXFrameworksBuildPhase;
			buildActionMask = 2147483647;
			files = (
			);
			runOnlyForDeploymentPostprocessing = 0;
		};
		9D40A7AE28BFA480008BA9D3 /* Frameworks */ = {
			isa = PBXFrameworksBuildPhase;
			buildActionMask = 2147483647;
			files = (
			);
			runOnlyForDeploymentPostprocessing = 0;
		};
		9D40A7B828BFA480008BA9D3 /* Frameworks */ = {
			isa = PBXFrameworksBuildPhase;
			buildActionMask = 2147483647;
			files = (
			);
			runOnlyForDeploymentPostprocessing = 0;
		};
/* End PBXFrameworksBuildPhase section */

/* Begin PBXGroup section */
		9D40A79228BFA47D008BA9D3 = {
			isa = PBXGroup;
			children = (
				9D40A79D28BFA47D008BA9D3 /* interfaceBuilders */,
				9D40A7B428BFA480008BA9D3 /* interfaceBuildersTests */,
				9D40A7BE28BFA480008BA9D3 /* interfaceBuildersUITests */,
				9D40A79C28BFA47D008BA9D3 /* Products */,
			);
			sourceTree = "<group>";
		};
		9D40A79C28BFA47D008BA9D3 /* Products */ = {
			isa = PBXGroup;
			children = (
				9D40A79B28BFA47D008BA9D3 /* interfaceBuilders.app */,
				9D40A7B128BFA480008BA9D3 /* interfaceBuildersTests.xctest */,
				9D40A7BB28BFA480008BA9D3 /* interfaceBuildersUITests.xctest */,
			);
			name = Products;
			sourceTree = "<group>";
		};
		9D40A79D28BFA47D008BA9D3 /* interfaceBuilders */ = {
			isa = PBXGroup;
			children = (
				9D40A79E28BFA47D008BA9D3 /* AppDelegate.swift */,
				9D40A7A028BFA47D008BA9D3 /* SceneDelegate.swift */,
				9D40A7A228BFA47D008BA9D3 /* ViewController.swift */,
				9D40A7A428BFA47D008BA9D3 /* Main.storyboard */,
				9D40A7A728BFA480008BA9D3 /* Assets.xcassets */,
				9D40A7A928BFA480008BA9D3 /* LaunchScreen.storyboard */,
				9D40A7AC28BFA480008BA9D3 /* Info.plist */,
			);
			path = interfaceBuilders;
			sourceTree = "<group>";
		};
		9D40A7B428BFA480008BA9D3 /* interfaceBuildersTests */ = {
			isa = PBXGroup;
			children = (
				9D40A7B528BFA480008BA9D3 /* interfaceBuildersTests.swift */,
			);
			path = interfaceBuildersTests;
			sourceTree = "<group>";
		};
		9D40A7BE28BFA480008BA9D3 /* interfaceBuildersUITests */ = {
			isa = PBXGroup;
			children = (
				9D40A7BF28BFA480008BA9D3 /* interfaceBuildersUITests.swift */,
				9D40A7C128BFA480008BA9D3 /* interfaceBuildersUITestsLaunchTests.swift */,
			);
			path = interfaceBuildersUITests;
			sourceTree = "<group>";
		};
/* End PBXGroup section */

/* Begin PBXNativeTarget section */
		9D40A79A28BFA47D008BA9D3 /* interfaceBuilders */ = {
			isa = PBXNativeTarget;
			buildConfigurationList = 9D40A7C528BFA480008BA9D3 /* Build configuration list for PBXNativeTarget "interfaceBuilders" */;
			buildPhases = (
				9D40A79728BFA47D008BA9D3 /* Sources */,
				9D40A79828BFA47D008BA9D3 /* Frameworks */,
				9D40A79928BFA47D008BA9D3 /* Resources */,
			);
			buildRules = (
			);
			dependencies = (
			);
			name = interfaceBuilders;
			productName = interfaceBuilders;
			productReference = 9D40A79B28BFA47D008BA9D3 /* interfaceBuilders.app */;
			productType = "com.apple.product-type.application";
		};
		9D40A7B028BFA480008BA9D3 /* interfaceBuildersTests */ = {
			isa = PBXNativeTarget;
			buildConfigurationList = 9D40A7C828BFA480008BA9D3 /* Build configuration list for PBXNativeTarget "interfaceBuildersTests" */;
			buildPhases = (
				9D40A7AD28BFA480008BA9D3 /* Sources */,
				9D40A7AE28BFA480008BA9D3 /* Frameworks */,
				9D40A7AF28BFA480008BA9D3 /* Resources */,
			);
			buildRules = (
			);
			dependencies = (
				9D40A7B328BFA480008BA9D3 /* PBXTargetDependency */,
			);
			name = interfaceBuildersTests;
			productName = interfaceBuildersTests;
			productReference = 9D40A7B128BFA480008BA9D3 /* interfaceBuildersTests.xctest */;
			productType = "com.apple.product-type.bundle.unit-test";
		};
		9D40A7BA28BFA480008BA9D3 /* interfaceBuildersUITests */ = {
			isa = PBXNativeTarget;
			buildConfigurationList = 9D40A7CB28BFA480008BA9D3 /* Build configuration list for PBXNativeTarget "interfaceBuildersUITests" */;
			buildPhases = (
				9D40A7B728BFA480008BA9D3 /* Sources */,
				9D40A7B828BFA480008BA9D3 /* Frameworks */,
				9D40A7B928BFA480008BA9D3 /* Resources */,
			);
			buildRules = (
			);
			dependencies = (
				9D40A7BD28BFA480008BA9D3 /* PBXTargetDependency */,
			);
			name = interfaceBuildersUITests;
			productName = interfaceBuildersUITests;
			productReference = 9D40A7BB28BFA480008BA9D3 /* interfaceBuildersUITests.xctest */;
			productType = "com.apple.product-type.bundle.ui-testing";
		};
/* End PBXNativeTarget section */

/* Begin PBXProject section */
		9D40A79328BFA47D008BA9D3 /* Project object */ = {
			isa = PBXProject;
			attributes = {
				BuildIndependentTargetsInParallel = 1;
				LastSwiftUpdateCheck = 1340;
				LastUpgradeCheck = 1340;
				TargetAttributes = {
					9D40A79A28BFA47D008BA9D3 = {
						CreatedOnToolsVersion = 13.4.1;
					};
					9D40A7B028BFA480008BA9D3 = {
						CreatedOnToolsVersion = 13.4.1;
						TestTargetID = 9D40A79A28BFA47D008BA9D3;
					};
					9D40A7BA28BFA480008BA9D3 = {
						CreatedOnToolsVersion = 13.4.1;
						TestTargetID = 9D40A79A28BFA47D008BA9D3;
					};
				};
			};
			buildConfigurationList = 9D40A79628BFA47D008BA9D3 /* Build configuration list for PBXProject "interfaceBuilders" */;
			compatibilityVersion = "Xcode 13.0";
			developmentRegion = en;
			hasScannedForEncodings = 0;
			knownRegions = (
				en,
				Base,
			);
			mainGroup = 9D40A79228BFA47D008BA9D3;
			productRefGroup = 9D40A79C28BFA47D008BA9D3 /* Products */;
			projectDirPath = "";
			projectRoot = "";
			targets = (
				9D40A79A28BFA47D008BA9D3 /* interfaceBuilders */,
				9D40A7B028BFA480008BA9D3 /* interfaceBuildersTests */,
				9D40A7BA28BFA480008BA9D3 /* interfaceBuildersUITests */,
			);
		};
/* End PBXProject section */

/* Begin PBXResourcesBuildPhase section */
		9D40A79928BFA47D008BA9D3 /* Resources */ = {
			isa = PBXResourcesBuildPhase;
			buildActionMask = 2147483647;
			files = (
				9D40A7AB28BFA480008BA9D3 /* LaunchScreen.storyboard in Resources */,
				9D40A7A828BFA480008BA9D3 /* Assets.xcassets in Resources */,
				9D40A7A628BFA47D008BA9D3 /* Main.storyboard in Resources */,
			);
			runOnlyForDeploymentPostprocessing = 0;
		};
		9D40A7AF28BFA480008BA9D3 /* Resources */ = {
			isa = PBXResourcesBuildPhase;
			buildActionMask = 2147483647;
			files = (
			);
			runOnlyForDeploymentPostprocessing = 0;
		};
		9D40A7B928BFA480008BA9D3 /* Resources */ = {
			isa = PBXResourcesBuildPhase;
			buildActionMask = 2147483647;
			files = (
			);
			runOnlyForDeploymentPostprocessing = 0;
		};
/* End PBXResourcesBuildPhase section */

/* Begin PBXSourcesBuildPhase section */
		9D40A79728BFA47D008BA9D3 /* Sources */ = {
			isa = PBXSourcesBuildPhase;
			buildActionMask = 2147483647;
			files = (
				9D40A7A328BFA47D008BA9D3 /* ViewController.swift in Sources */,
				9D40A79F28BFA47D008BA9D3 /* AppDelegate.swift in Sources */,
				9D40A7A128BFA47D008BA9D3 /* SceneDelegate.swift in Sources */,
			);
			runOnlyForDeploymentPostprocessing = 0;
		};
		9D40A7AD28BFA480008BA9D3 /* Sources */ = {
			isa = PBXSourcesBuildPhase;
			buildActionMask = 2147483647;
			files = (
				9D40A7B628BFA480008BA9D3 /* interfaceBuildersTests.swift in Sources */,
			);
			runOnlyForDeploymentPostprocessing = 0;
		};
		9D40A7B728BFA480008BA9D3 /* Sources */ = {
			isa = PBXSourcesBuildPhase;
			buildActionMask = 2147483647;
			files = (
				9D40A7C228BFA480008BA9D3 /* interfaceBuildersUITestsLaunchTests.swift in Sources */,
				9D40A7C028BFA480008BA9D3 /* interfaceBuildersUITests.swift in Sources */,
			);
			runOnlyForDeploymentPostprocessing = 0;
		};
/* End PBXSourcesBuildPhase section */

/* Begin PBXTargetDependency section */
		9D40A7B328BFA480008BA9D3 /* PBXTargetDependency */ = {
			isa = PBXTargetDependency;
			target = 9D40A79A28BFA47D008BA9D3 /* interfaceBuilders */;
			targetProxy = 9D40A7B228BFA480008BA9D3 /* PBXContainerItemProxy */;
		};
		9D40A7BD28BFA480008BA9D3 /* PBXTargetDependency */ = {
			isa = PBXTargetDependency;
			target = 9D40A79A28BFA47D008BA9D3 /* interfaceBuilders */;
			targetProxy = 9D40A7BC28BFA480008BA9D3 /* PBXContainerItemProxy */;
		};
/* End PBXTargetDependency section */

/* Begin PBXVariantGroup section */
		9D40A7A428BFA47D008BA9D3 /* Main.storyboard */ = {
			isa = PBXVariantGroup;
			children = (
				9D40A7A528BFA47D008BA9D3 /* Base */,
			);
			name = Main.storyboard;
			sourceTree = "<group>";
		};
		9D40A7A928BFA480008BA9D3 /* LaunchScreen.storyboard */ = {
			isa = PBXVariantGroup;
			children = (
				9D40A7AA28BFA480008BA9D3 /* Base */,
			);
			name = LaunchScreen.storyboard;
			sourceTree = "<group>";
		};
/* End PBXVariantGroup section */

/* Begin XCBuildConfiguration section */
		9D40A7C328BFA480008BA9D3 /* Debug */ = {
			isa = XCBuildConfiguration;
			buildSettings = {
				ALWAYS_SEARCH_USER_PATHS = NO;
				CLANG_ANALYZER_NONNULL = YES;
				CLANG_ANALYZER_NUMBER_OBJECT_CONVERSION = YES_AGGRESSIVE;
				CLANG_CXX_LANGUAGE_STANDARD = "gnu++17";
				CLANG_ENABLE_MODULES = YES;
				CLANG_ENABLE_OBJC_ARC = YES;
				CLANG_ENABLE_OBJC_WEAK = YES;
				CLANG_WARN_BLOCK_CAPTURE_AUTORELEASING = YES;
				CLANG_WARN_BOOL_CONVERSION = YES;
				CLANG_WARN_COMMA = YES;
				CLANG_WARN_CONSTANT_CONVERSION = YES;
				CLANG_WARN_DEPRECATED_OBJC_IMPLEMENTATIONS = YES;
				CLANG_WARN_DIRECT_OBJC_ISA_USAGE = YES_ERROR;
				CLANG_WARN_DOCUMENTATION_COMMENTS = YES;
				CLANG_WARN_EMPTY_BODY = YES;
				CLANG_WARN_ENUM_CONVERSION = YES;
				CLANG_WARN_INFINITE_RECURSION = YES;
				CLANG_WARN_INT_CONVERSION = YES;
				CLANG_WARN_NON_LITERAL_NULL_CONVERSION = YES;
				CLANG_WARN_OBJC_IMPLICIT_RETAIN_SELF = YES;
				CLANG_WARN_OBJC_LITERAL_CONVERSION = YES;
				CLANG_WARN_OBJC_ROOT_CLASS = YES_ERROR;
				CLANG_WARN_QUOTED_INCLUDE_IN_FRAMEWORK_HEADER = YES;
				CLANG_WARN_RANGE_LOOP_ANALYSIS = YES;
				CLANG_WARN_STRICT_PROTOTYPES = YES;
				CLANG_WARN_SUSPICIOUS_MOVE = YES;
				CLANG_WARN_UNGUARDED_AVAILABILITY = YES_AGGRESSIVE;
				CLANG_WARN_UNREACHABLE_CODE = YES;
				CLANG_WARN__DUPLICATE_METHOD_MATCH = YES;
				COPY_PHASE_STRIP = NO;
				DEBUG_INFORMATION_FORMAT = dwarf;
				ENABLE_STRICT_OBJC_MSGSEND = YES;
				ENABLE_TESTABILITY = YES;
				GCC_C_LANGUAGE_STANDARD = gnu11;
				GCC_DYNAMIC_NO_PIC = NO;
				GCC_NO_COMMON_BLOCKS = YES;
				GCC_OPTIMIZATION_LEVEL = 0;
				GCC_PREPROCESSOR_DEFINITIONS = (
					"DEBUG=1",
					"$(inherited)",
				);
				GCC_WARN_64_TO_32_BIT_CONVERSION = YES;
				GCC_WARN_ABOUT_RETURN_TYPE = YES_ERROR;
				GCC_WARN_UNDECLARED_SELECTOR = YES;
				GCC_WARN_UNINITIALIZED_AUTOS = YES_AGGRESSIVE;
				GCC_WARN_UNUSED_FUNCTION = YES;
				GCC_WARN_UNUSED_VARIABLE = YES;
				IPHONEOS_DEPLOYMENT_TARGET = 15.5;
				MTL_ENABLE_DEBUG_INFO = INCLUDE_SOURCE;
				MTL_FAST_MATH = YES;
				ONLY_ACTIVE_ARCH = YES;
				SDKROOT = iphoneos;
				SWIFT_ACTIVE_COMPILATION_CONDITIONS = DEBUG;
				SWIFT_OPTIMIZATION_LEVEL = "-Onone";
			};
			name = Debug;
		};
		9D40A7C428BFA480008BA9D3 /* Release */ = {
			isa = XCBuildConfiguration;
			buildSettings = {
				ALWAYS_SEARCH_USER_PATHS = NO;
				CLANG_ANALYZER_NONNULL = YES;
				CLANG_ANALYZER_NUMBER_OBJECT_CONVERSION = YES_AGGRESSIVE;
				CLANG_CXX_LANGUAGE_STANDARD = "gnu++17";
				CLANG_ENABLE_MODULES = YES;
				CLANG_ENABLE_OBJC_ARC = YES;
				CLANG_ENABLE_OBJC_WEAK = YES;
				CLANG_WARN_BLOCK_CAPTURE_AUTORELEASING = YES;
				CLANG_WARN_BOOL_CONVERSION = YES;
				CLANG_WARN_COMMA = YES;
				CLANG_WARN_CONSTANT_CONVERSION = YES;
				CLANG_WARN_DEPRECATED_OBJC_IMPLEMENTATIONS = YES;
				CLANG_WARN_DIRECT_OBJC_ISA_USAGE = YES_ERROR;
				CLANG_WARN_DOCUMENTATION_COMMENTS = YES;
				CLANG_WARN_EMPTY_BODY = YES;
				CLANG_WARN_ENUM_CONVERSION = YES;
				CLANG_WARN_INFINITE_RECURSION = YES;
				CLANG_WARN_INT_CONVERSION = YES;
				CLANG_WARN_NON_LITERAL_NULL_CONVERSION = YES;
				CLANG_WARN_OBJC_IMPLICIT_RETAIN_SELF = YES;
				CLANG_WARN_OBJC_LITERAL_CONVERSION = YES;
				CLANG_WARN_OBJC_ROOT_CLASS = YES_ERROR;
				CLANG_WARN_QUOTED_INCLUDE_IN_FRAMEWORK_HEADER = YES;
				CLANG_WARN_RANGE_LOOP_ANALYSIS = YES;
				CLANG_WARN_STRICT_PROTOTYPES = YES;
				CLANG_WARN_SUSPICIOUS_MOVE = YES;
				CLANG_WARN_UNGUARDED_AVAILABILITY = YES_AGGRESSIVE;
				CLANG_WARN_UNREACHABLE_CODE = YES;
				CLANG_WARN__DUPLICATE_METHOD_MATCH = YES;
				COPY_PHASE_STRIP = NO;
				DEBUG_INFORMATION_FORMAT = "dwarf-with-dsym";
				ENABLE_NS_ASSERTIONS = NO;
				ENABLE_STRICT_OBJC_MSGSEND = YES;
				GCC_C_LANGUAGE_STANDARD = gnu11;
				GCC_NO_COMMON_BLOCKS = YES;
				GCC_WARN_64_TO_32_BIT_CONVERSION = YES;
				GCC_WARN_ABOUT_RETURN_TYPE = YES_ERROR;
				GCC_WARN_UNDECLARED_SELECTOR = YES;
				GCC_WARN_UNINITIALIZED_AUTOS = YES_AGGRESSIVE;
				GCC_WARN_UNUSED_FUNCTION = YES;
				GCC_WARN_UNUSED_VARIABLE = YES;
				IPHONEOS_DEPLOYMENT_TARGET = 15.5;
				MTL_ENABLE_DEBUG_INFO = NO;
				MTL_FAST_MATH = YES;
				SDKROOT = iphoneos;
				SWIFT_COMPILATION_MODE = wholemodule;
				SWIFT_OPTIMIZATION_LEVEL = "-O";
				VALIDATE_PRODUCT = YES;
			};
			name = Release;
		};
		9D40A7C628BFA480008BA9D3 /* Debug */ = {
			isa = XCBuildConfiguration;
			buildSettings = {
				ASSETCATALOG_COMPILER_APPICON_NAME = AppIcon;
				ASSETCATALOG_COMPILER_GLOBAL_ACCENT_COLOR_NAME = AccentColor;
				CODE_SIGN_STYLE = Automatic;
				CURRENT_PROJECT_VERSION = 1;
				DEVELOPMENT_TEAM = U994ZW592L;
				GENERATE_INFOPLIST_FILE = YES;
				INFOPLIST_FILE = interfaceBuilders/Info.plist;
				INFOPLIST_KEY_UIApplicationSupportsIndirectInputEvents = YES;
				INFOPLIST_KEY_UILaunchStoryboardName = LaunchScreen;
				INFOPLIST_KEY_UIMainStoryboardFile = Main;
				INFOPLIST_KEY_UISupportedInterfaceOrientations_iPad = "UIInterfaceOrientationPortrait UIInterfaceOrientationPortraitUpsideDown UIInterfaceOrientationLandscapeLeft UIInterfaceOrientationLandscapeRight";
				INFOPLIST_KEY_UISupportedInterfaceOrientations_iPhone = "UIInterfaceOrientationPortrait UIInterfaceOrientationLandscapeLeft UIInterfaceOrientationLandscapeRight";
				LD_RUNPATH_SEARCH_PATHS = (
					"$(inherited)",
					"@executable_path/Frameworks",
				);
				MARKETING_VERSION = 1.0;
				PRODUCT_BUNDLE_IDENTIFIER = Practice.interfaceBuilders;
				PRODUCT_NAME = "$(TARGET_NAME)";
				SWIFT_EMIT_LOC_STRINGS = YES;
				SWIFT_VERSION = 5.0;
				TARGETED_DEVICE_FAMILY = "1,2";
			};
			name = Debug;
		};
		9D40A7C728BFA480008BA9D3 /* Release */ = {
			isa = XCBuildConfiguration;
			buildSettings = {
				ASSETCATALOG_COMPILER_APPICON_NAME = AppIcon;
				ASSETCATALOG_COMPILER_GLOBAL_ACCENT_COLOR_NAME = AccentColor;
				CODE_SIGN_STYLE = Automatic;
				CURRENT_PROJECT_VERSION = 1;
				DEVELOPMENT_TEAM = U994ZW592L;
				GENERATE_INFOPLIST_FILE = YES;
				INFOPLIST_FILE = interfaceBuilders/Info.plist;
				INFOPLIST_KEY_UIApplicationSupportsIndirectInputEvents = YES;
				INFOPLIST_KEY_UILaunchStoryboardName = LaunchScreen;
				INFOPLIST_KEY_UIMainStoryboardFile = Main;
				INFOPLIST_KEY_UISupportedInterfaceOrientations_iPad = "UIInterfaceOrientationPortrait UIInterfaceOrientationPortraitUpsideDown UIInterfaceOrientationLandscapeLeft UIInterfaceOrientationLandscapeRight";
				INFOPLIST_KEY_UISupportedInterfaceOrientations_iPhone = "UIInterfaceOrientationPortrait UIInterfaceOrientationLandscapeLeft UIInterfaceOrientationLandscapeRight";
				LD_RUNPATH_SEARCH_PATHS = (
					"$(inherited)",
					"@executable_path/Frameworks",
				);
				MARKETING_VERSION = 1.0;
				PRODUCT_BUNDLE_IDENTIFIER = Practice.interfaceBuilders;
				PRODUCT_NAME = "$(TARGET_NAME)";
				SWIFT_EMIT_LOC_STRINGS = YES;
				SWIFT_VERSION = 5.0;
				TARGETED_DEVICE_FAMILY = "1,2";
			};
			name = Release;
		};
		9D40A7C928BFA480008BA9D3 /* Debug */ = {
			isa = XCBuildConfiguration;
			buildSettings = {
				ALWAYS_EMBED_SWIFT_STANDARD_LIBRARIES = YES;
				BUNDLE_LOADER = "$(TEST_HOST)";
				CODE_SIGN_STYLE = Automatic;
				CURRENT_PROJECT_VERSION = 1;
				GENERATE_INFOPLIST_FILE = YES;
				IPHONEOS_DEPLOYMENT_TARGET = 15.5;
				MARKETING_VERSION = 1.0;
				PRODUCT_BUNDLE_IDENTIFIER = Practice.interfaceBuildersTests;
				PRODUCT_NAME = "$(TARGET_NAME)";
				SWIFT_EMIT_LOC_STRINGS = NO;
				SWIFT_VERSION = 5.0;
				TARGETED_DEVICE_FAMILY = "1,2";
				TEST_HOST = "$(BUILT_PRODUCTS_DIR)/interfaceBuilders.app/interfaceBuilders";
			};
			name = Debug;
		};
		9D40A7CA28BFA480008BA9D3 /* Release */ = {
			isa = XCBuildConfiguration;
			buildSettings = {
				ALWAYS_EMBED_SWIFT_STANDARD_LIBRARIES = YES;
				BUNDLE_LOADER = "$(TEST_HOST)";
				CODE_SIGN_STYLE = Automatic;
				CURRENT_PROJECT_VERSION = 1;
				GENERATE_INFOPLIST_FILE = YES;
				IPHONEOS_DEPLOYMENT_TARGET = 15.5;
				MARKETING_VERSION = 1.0;
				PRODUCT_BUNDLE_IDENTIFIER = Practice.interfaceBuildersTests;
				PRODUCT_NAME = "$(TARGET_NAME)";
				SWIFT_EMIT_LOC_STRINGS = NO;
				SWIFT_VERSION = 5.0;
				TARGETED_DEVICE_FAMILY = "1,2";
				TEST_HOST = "$(BUILT_PRODUCTS_DIR)/interfaceBuilders.app/interfaceBuilders";
			};
			name = Release;
		};
		9D40A7CC28BFA480008BA9D3 /* Debug */ = {
			isa = XCBuildConfiguration;
			buildSettings = {
				ALWAYS_EMBED_SWIFT_STANDARD_LIBRARIES = YES;
				CODE_SIGN_STYLE = Automatic;
				CURRENT_PROJECT_VERSION = 1;
				GENERATE_INFOPLIST_FILE = YES;
				MARKETING_VERSION = 1.0;
				PRODUCT_BUNDLE_IDENTIFIER = Practice.interfaceBuildersUITests;
				PRODUCT_NAME = "$(TARGET_NAME)";
				SWIFT_EMIT_LOC_STRINGS = NO;
				SWIFT_VERSION = 5.0;
				TARGETED_DEVICE_FAMILY = "1,2";
				TEST_TARGET_NAME = interfaceBuilders;
			};
			name = Debug;
		};
		9D40A7CD28BFA480008BA9D3 /* Release */ = {
			isa = XCBuildConfiguration;
			buildSettings = {
				ALWAYS_EMBED_SWIFT_STANDARD_LIBRARIES = YES;
				CODE_SIGN_STYLE = Automatic;
				CURRENT_PROJECT_VERSION = 1;
				GENERATE_INFOPLIST_FILE = YES;
				MARKETING_VERSION = 1.0;
				PRODUCT_BUNDLE_IDENTIFIER = Practice.interfaceBuildersUITests;
				PRODUCT_NAME = "$(TARGET_NAME)";
				SWIFT_EMIT_LOC_STRINGS = NO;
				SWIFT_VERSION = 5.0;
				TARGETED_DEVICE_FAMILY = "1,2";
				TEST_TARGET_NAME = interfaceBuilders;
			};
			name = Release;
		};
/* End XCBuildConfiguration section */

/* Begin XCConfigurationList section */
		9D40A79628BFA47D008BA9D3 /* Build configuration list for PBXProject "interfaceBuilders" */ = {
			isa = XCConfigurationList;
			buildConfigurations = (
				9D40A7C328BFA480008BA9D3 /* Debug */,
				9D40A7C428BFA480008BA9D3 /* Release */,
			);
			defaultConfigurationIsVisible = 0;
			defaultConfigurationName = Release;
		};
		9D40A7C528BFA480008BA9D3 /* Build configuration list for PBXNativeTarget "interfaceBuilders" */ = {
			isa = XCConfigurationList;
			buildConfigurations = (
				9D40A7C628BFA480008BA9D3 /* Debug */,
				9D40A7C728BFA480008BA9D3 /* Release */,
			);
			defaultConfigurationIsVisible = 0;
			defaultConfigurationName = Release;
		};
		9D40A7C828BFA480008BA9D3 /* Build configuration list for PBXNativeTarget "interfaceBuildersTests" */ = {
			isa = XCConfigurationList;
			buildConfigurations = (
				9D40A7C928BFA480008BA9D3 /* Debug */,
				9D40A7CA28BFA480008BA9D3 /* Release */,
			);
			defaultConfigurationIsVisible = 0;
			defaultConfigurationName = Release;
		};
		9D40A7CB28BFA480008BA9D3 /* Build configuration list for PBXNativeTarget "interfaceBuildersUITests" */ = {
			isa = XCConfigurationList;
			buildConfigurations = (
				9D40A7CC28BFA480008BA9D3 /* Debug */,
				9D40A7CD28BFA480008BA9D3 /* Release */,
			);
			defaultConfigurationIsVisible = 0;
			defaultConfigurationName = Release;
		};
/* End XCConfigurationList section */
	};
	rootObject = 9D40A79328BFA47D008BA9D3 /* Project object */;
}
