// !$*UTF8*$!
{
	archiveVersion = 1;
	classes = {
	};
	objectVersion = 56;
	objects = {

/* Begin PBXBuildFile section */
		9D67A422293FA32700B38A7F /* AppDelegate.swift in Sources */ = {isa = PBXBuildFile; fileRef = 9D67A421293FA32700B38A7F /* AppDelegate.swift */; };
		9D67A424293FA32700B38A7F /* SceneDelegate.swift in Sources */ = {isa = PBXBuildFile; fileRef = 9D67A423293FA32700B38A7F /* SceneDelegate.swift */; };
		9D67A426293FA32700B38A7F /* DogViewController.swift in Sources */ = {isa = PBXBuildFile; fileRef = 9D67A425293FA32700B38A7F /* DogViewController.swift */; };
		9D67A429293FA32700B38A7F /* Main.storyboard in Resources */ = {isa = PBXBuildFile; fileRef = 9D67A427293FA32700B38A7F /* Main.storyboard */; };
		9D67A42B293FA32900B38A7F /* Assets.xcassets in Resources */ = {isa = PBXBuildFile; fileRef = 9D67A42A293FA32900B38A7F /* Assets.xcassets */; };
		9D67A42E293FA32A00B38A7F /* LaunchScreen.storyboard in Resources */ = {isa = PBXBuildFile; fileRef = 9D67A42C293FA32A00B38A7F /* LaunchScreen.storyboard */; };
		9D67A439293FA32A00B38A7F /* API_ProjectTests.swift in Sources */ = {isa = PBXBuildFile; fileRef = 9D67A438293FA32A00B38A7F /* API_ProjectTests.swift */; };
		9D67A443293FA32A00B38A7F /* API_ProjectUITests.swift in Sources */ = {isa = PBXBuildFile; fileRef = 9D67A442293FA32A00B38A7F /* API_ProjectUITests.swift */; };
		9D67A445293FA32A00B38A7F /* API_ProjectUITestsLaunchTests.swift in Sources */ = {isa = PBXBuildFile; fileRef = 9D67A444293FA32A00B38A7F /* API_ProjectUITestsLaunchTests.swift */; };
		9D67A454293FA53D00B38A7F /* NobelViewController.swift in Sources */ = {isa = PBXBuildFile; fileRef = 9D67A453293FA53D00B38A7F /* NobelViewController.swift */; };
		9D67A456293FA78900B38A7F /* RepTableViewCell.swift in Sources */ = {isa = PBXBuildFile; fileRef = 9D67A455293FA78900B38A7F /* RepTableViewCell.swift */; };
		9D67A458293FAFD200B38A7F /* Rep Info.swift in Sources */ = {isa = PBXBuildFile; fileRef = 9D67A457293FAFD200B38A7F /* Rep Info.swift */; };
		9D67A45A293FAFE400B38A7F /* Rep Info Controller.swift in Sources */ = {isa = PBXBuildFile; fileRef = 9D67A459293FAFE400B38A7F /* Rep Info Controller.swift */; };
		9D67A45C2940E82200B38A7F /* RepTableViewController.swift in Sources */ = {isa = PBXBuildFile; fileRef = 9D67A45B2940E82200B38A7F /* RepTableViewController.swift */; };
/* End PBXBuildFile section */

/* Begin PBXContainerItemProxy section */
		9D67A435293FA32A00B38A7F /* PBXContainerItemProxy */ = {
			isa = PBXContainerItemProxy;
			containerPortal = 9D67A416293FA32700B38A7F /* Project object */;
			proxyType = 1;
			remoteGlobalIDString = 9D67A41D293FA32700B38A7F;
			remoteInfo = "API Project";
		};
		9D67A43F293FA32A00B38A7F /* PBXContainerItemProxy */ = {
			isa = PBXContainerItemProxy;
			containerPortal = 9D67A416293FA32700B38A7F /* Project object */;
			proxyType = 1;
			remoteGlobalIDString = 9D67A41D293FA32700B38A7F;
			remoteInfo = "API Project";
		};
/* End PBXContainerItemProxy section */

/* Begin PBXFileReference section */
		9D67A41E293FA32700B38A7F /* API Project.app */ = {isa = PBXFileReference; explicitFileType = wrapper.application; includeInIndex = 0; path = "API Project.app"; sourceTree = BUILT_PRODUCTS_DIR; };
		9D67A421293FA32700B38A7F /* AppDelegate.swift */ = {isa = PBXFileReference; lastKnownFileType = sourcecode.swift; path = AppDelegate.swift; sourceTree = "<group>"; };
		9D67A423293FA32700B38A7F /* SceneDelegate.swift */ = {isa = PBXFileReference; lastKnownFileType = sourcecode.swift; path = SceneDelegate.swift; sourceTree = "<group>"; };
		9D67A425293FA32700B38A7F /* DogViewController.swift */ = {isa = PBXFileReference; lastKnownFileType = sourcecode.swift; path = DogViewController.swift; sourceTree = "<group>"; };
		9D67A428293FA32700B38A7F /* Base */ = {isa = PBXFileReference; lastKnownFileType = file.storyboard; name = Base; path = Base.lproj/Main.storyboard; sourceTree = "<group>"; };
		9D67A42A293FA32900B38A7F /* Assets.xcassets */ = {isa = PBXFileReference; lastKnownFileType = folder.assetcatalog; path = Assets.xcassets; sourceTree = "<group>"; };
		9D67A42D293FA32A00B38A7F /* Base */ = {isa = PBXFileReference; lastKnownFileType = file.storyboard; name = Base; path = Base.lproj/LaunchScreen.storyboard; sourceTree = "<group>"; };
		9D67A42F293FA32A00B38A7F /* Info.plist */ = {isa = PBXFileReference; lastKnownFileType = text.plist.xml; path = Info.plist; sourceTree = "<group>"; };
		9D67A434293FA32A00B38A7F /* API ProjectTests.xctest */ = {isa = PBXFileReference; explicitFileType = wrapper.cfbundle; includeInIndex = 0; path = "API ProjectTests.xctest"; sourceTree = BUILT_PRODUCTS_DIR; };
		9D67A438293FA32A00B38A7F /* API_ProjectTests.swift */ = {isa = PBXFileReference; lastKnownFileType = sourcecode.swift; path = API_ProjectTests.swift; sourceTree = "<group>"; };
		9D67A43E293FA32A00B38A7F /* API ProjectUITests.xctest */ = {isa = PBXFileReference; explicitFileType = wrapper.cfbundle; includeInIndex = 0; path = "API ProjectUITests.xctest"; sourceTree = BUILT_PRODUCTS_DIR; };
		9D67A442293FA32A00B38A7F /* API_ProjectUITests.swift */ = {isa = PBXFileReference; lastKnownFileType = sourcecode.swift; path = API_ProjectUITests.swift; sourceTree = "<group>"; };
		9D67A444293FA32A00B38A7F /* API_ProjectUITestsLaunchTests.swift */ = {isa = PBXFileReference; lastKnownFileType = sourcecode.swift; path = API_ProjectUITestsLaunchTests.swift; sourceTree = "<group>"; };
		9D67A453293FA53D00B38A7F /* NobelViewController.swift */ = {isa = PBXFileReference; lastKnownFileType = sourcecode.swift; path = NobelViewController.swift; sourceTree = "<group>"; };
		9D67A455293FA78900B38A7F /* RepTableViewCell.swift */ = {isa = PBXFileReference; lastKnownFileType = sourcecode.swift; path = RepTableViewCell.swift; sourceTree = "<group>"; };
		9D67A457293FAFD200B38A7F /* Rep Info.swift */ = {isa = PBXFileReference; lastKnownFileType = sourcecode.swift; path = "Rep Info.swift"; sourceTree = "<group>"; };
		9D67A459293FAFE400B38A7F /* Rep Info Controller.swift */ = {isa = PBXFileReference; lastKnownFileType = sourcecode.swift; path = "Rep Info Controller.swift"; sourceTree = "<group>"; };
		9D67A45B2940E82200B38A7F /* RepTableViewController.swift */ = {isa = PBXFileReference; lastKnownFileType = sourcecode.swift; path = RepTableViewController.swift; sourceTree = "<group>"; };
/* End PBXFileReference section */

/* Begin PBXFrameworksBuildPhase section */
		9D67A41B293FA32700B38A7F /* Frameworks */ = {
			isa = PBXFrameworksBuildPhase;
			buildActionMask = 2147483647;
			files = (
			);
			runOnlyForDeploymentPostprocessing = 0;
		};
		9D67A431293FA32A00B38A7F /* Frameworks */ = {
			isa = PBXFrameworksBuildPhase;
			buildActionMask = 2147483647;
			files = (
			);
			runOnlyForDeploymentPostprocessing = 0;
		};
		9D67A43B293FA32A00B38A7F /* Frameworks */ = {
			isa = PBXFrameworksBuildPhase;
			buildActionMask = 2147483647;
			files = (
			);
			runOnlyForDeploymentPostprocessing = 0;
		};
/* End PBXFrameworksBuildPhase section */

/* Begin PBXGroup section */
		9D67A415293FA32700B38A7F = {
			isa = PBXGroup;
			children = (
				9D67A420293FA32700B38A7F /* API Project */,
				9D67A437293FA32A00B38A7F /* API ProjectTests */,
				9D67A441293FA32A00B38A7F /* API ProjectUITests */,
				9D67A41F293FA32700B38A7F /* Products */,
			);
			sourceTree = "<group>";
		};
		9D67A41F293FA32700B38A7F /* Products */ = {
			isa = PBXGroup;
			children = (
				9D67A41E293FA32700B38A7F /* API Project.app */,
				9D67A434293FA32A00B38A7F /* API ProjectTests.xctest */,
				9D67A43E293FA32A00B38A7F /* API ProjectUITests.xctest */,
			);
			name = Products;
			sourceTree = "<group>";
		};
		9D67A420293FA32700B38A7F /* API Project */ = {
			isa = PBXGroup;
			children = (
				9D67A421293FA32700B38A7F /* AppDelegate.swift */,
				9D67A423293FA32700B38A7F /* SceneDelegate.swift */,
				9D67A425293FA32700B38A7F /* DogViewController.swift */,
				9D67A45B2940E82200B38A7F /* RepTableViewController.swift */,
				9D67A457293FAFD200B38A7F /* Rep Info.swift */,
				9D67A459293FAFE400B38A7F /* Rep Info Controller.swift */,
				9D67A455293FA78900B38A7F /* RepTableViewCell.swift */,
				9D67A453293FA53D00B38A7F /* NobelViewController.swift */,
				9D67A427293FA32700B38A7F /* Main.storyboard */,
				9D67A42A293FA32900B38A7F /* Assets.xcassets */,
				9D67A42C293FA32A00B38A7F /* LaunchScreen.storyboard */,
				9D67A42F293FA32A00B38A7F /* Info.plist */,
			);
			path = "API Project";
			sourceTree = "<group>";
		};
		9D67A437293FA32A00B38A7F /* API ProjectTests */ = {
			isa = PBXGroup;
			children = (
				9D67A438293FA32A00B38A7F /* API_ProjectTests.swift */,
			);
			path = "API ProjectTests";
			sourceTree = "<group>";
		};
		9D67A441293FA32A00B38A7F /* API ProjectUITests */ = {
			isa = PBXGroup;
			children = (
				9D67A442293FA32A00B38A7F /* API_ProjectUITests.swift */,
				9D67A444293FA32A00B38A7F /* API_ProjectUITestsLaunchTests.swift */,
			);
			path = "API ProjectUITests";
			sourceTree = "<group>";
		};
/* End PBXGroup section */

/* Begin PBXNativeTarget section */
		9D67A41D293FA32700B38A7F /* API Project */ = {
			isa = PBXNativeTarget;
			buildConfigurationList = 9D67A448293FA32A00B38A7F /* Build configuration list for PBXNativeTarget "API Project" */;
			buildPhases = (
				9D67A41A293FA32700B38A7F /* Sources */,
				9D67A41B293FA32700B38A7F /* Frameworks */,
				9D67A41C293FA32700B38A7F /* Resources */,
			);
			buildRules = (
			);
			dependencies = (
			);
			name = "API Project";
			productName = "API Project";
			productReference = 9D67A41E293FA32700B38A7F /* API Project.app */;
			productType = "com.apple.product-type.application";
		};
		9D67A433293FA32A00B38A7F /* API ProjectTests */ = {
			isa = PBXNativeTarget;
			buildConfigurationList = 9D67A44B293FA32A00B38A7F /* Build configuration list for PBXNativeTarget "API ProjectTests" */;
			buildPhases = (
				9D67A430293FA32A00B38A7F /* Sources */,
				9D67A431293FA32A00B38A7F /* Frameworks */,
				9D67A432293FA32A00B38A7F /* Resources */,
			);
			buildRules = (
			);
			dependencies = (
				9D67A436293FA32A00B38A7F /* PBXTargetDependency */,
			);
			name = "API ProjectTests";
			productName = "API ProjectTests";
			productReference = 9D67A434293FA32A00B38A7F /* API ProjectTests.xctest */;
			productType = "com.apple.product-type.bundle.unit-test";
		};
		9D67A43D293FA32A00B38A7F /* API ProjectUITests */ = {
			isa = PBXNativeTarget;
			buildConfigurationList = 9D67A44E293FA32A00B38A7F /* Build configuration list for PBXNativeTarget "API ProjectUITests" */;
			buildPhases = (
				9D67A43A293FA32A00B38A7F /* Sources */,
				9D67A43B293FA32A00B38A7F /* Frameworks */,
				9D67A43C293FA32A00B38A7F /* Resources */,
			);
			buildRules = (
			);
			dependencies = (
				9D67A440293FA32A00B38A7F /* PBXTargetDependency */,
			);
			name = "API ProjectUITests";
			productName = "API ProjectUITests";
			productReference = 9D67A43E293FA32A00B38A7F /* API ProjectUITests.xctest */;
			productType = "com.apple.product-type.bundle.ui-testing";
		};
/* End PBXNativeTarget section */

/* Begin PBXProject section */
		9D67A416293FA32700B38A7F /* Project object */ = {
			isa = PBXProject;
			attributes = {
				BuildIndependentTargetsInParallel = 1;
				LastSwiftUpdateCheck = 1410;
				LastUpgradeCheck = 1410;
				TargetAttributes = {
					9D67A41D293FA32700B38A7F = {
						CreatedOnToolsVersion = 14.1;
					};
					9D67A433293FA32A00B38A7F = {
						CreatedOnToolsVersion = 14.1;
						TestTargetID = 9D67A41D293FA32700B38A7F;
					};
					9D67A43D293FA32A00B38A7F = {
						CreatedOnToolsVersion = 14.1;
						TestTargetID = 9D67A41D293FA32700B38A7F;
					};
				};
			};
			buildConfigurationList = 9D67A419293FA32700B38A7F /* Build configuration list for PBXProject "API Project" */;
			compatibilityVersion = "Xcode 14.0";
			developmentRegion = en;
			hasScannedForEncodings = 0;
			knownRegions = (
				en,
				Base,
			);
			mainGroup = 9D67A415293FA32700B38A7F;
			productRefGroup = 9D67A41F293FA32700B38A7F /* Products */;
			projectDirPath = "";
			projectRoot = "";
			targets = (
				9D67A41D293FA32700B38A7F /* API Project */,
				9D67A433293FA32A00B38A7F /* API ProjectTests */,
				9D67A43D293FA32A00B38A7F /* API ProjectUITests */,
			);
		};
/* End PBXProject section */

/* Begin PBXResourcesBuildPhase section */
		9D67A41C293FA32700B38A7F /* Resources */ = {
			isa = PBXResourcesBuildPhase;
			buildActionMask = 2147483647;
			files = (
				9D67A42E293FA32A00B38A7F /* LaunchScreen.storyboard in Resources */,
				9D67A42B293FA32900B38A7F /* Assets.xcassets in Resources */,
				9D67A429293FA32700B38A7F /* Main.storyboard in Resources */,
			);
			runOnlyForDeploymentPostprocessing = 0;
		};
		9D67A432293FA32A00B38A7F /* Resources */ = {
			isa = PBXResourcesBuildPhase;
			buildActionMask = 2147483647;
			files = (
			);
			runOnlyForDeploymentPostprocessing = 0;
		};
		9D67A43C293FA32A00B38A7F /* Resources */ = {
			isa = PBXResourcesBuildPhase;
			buildActionMask = 2147483647;
			files = (
			);
			runOnlyForDeploymentPostprocessing = 0;
		};
/* End PBXResourcesBuildPhase section */

/* Begin PBXSourcesBuildPhase section */
		9D67A41A293FA32700B38A7F /* Sources */ = {
			isa = PBXSourcesBuildPhase;
			buildActionMask = 2147483647;
			files = (
				9D67A456293FA78900B38A7F /* RepTableViewCell.swift in Sources */,
				9D67A45A293FAFE400B38A7F /* Rep Info Controller.swift in Sources */,
				9D67A458293FAFD200B38A7F /* Rep Info.swift in Sources */,
				9D67A426293FA32700B38A7F /* DogViewController.swift in Sources */,
				9D67A454293FA53D00B38A7F /* NobelViewController.swift in Sources */,
				9D67A45C2940E82200B38A7F /* RepTableViewController.swift in Sources */,
				9D67A422293FA32700B38A7F /* AppDelegate.swift in Sources */,
				9D67A424293FA32700B38A7F /* SceneDelegate.swift in Sources */,
			);
			runOnlyForDeploymentPostprocessing = 0;
		};
		9D67A430293FA32A00B38A7F /* Sources */ = {
			isa = PBXSourcesBuildPhase;
			buildActionMask = 2147483647;
			files = (
				9D67A439293FA32A00B38A7F /* API_ProjectTests.swift in Sources */,
			);
			runOnlyForDeploymentPostprocessing = 0;
		};
		9D67A43A293FA32A00B38A7F /* Sources */ = {
			isa = PBXSourcesBuildPhase;
			buildActionMask = 2147483647;
			files = (
				9D67A443293FA32A00B38A7F /* API_ProjectUITests.swift in Sources */,
				9D67A445293FA32A00B38A7F /* API_ProjectUITestsLaunchTests.swift in Sources */,
			);
			runOnlyForDeploymentPostprocessing = 0;
		};
/* End PBXSourcesBuildPhase section */

/* Begin PBXTargetDependency section */
		9D67A436293FA32A00B38A7F /* PBXTargetDependency */ = {
			isa = PBXTargetDependency;
			target = 9D67A41D293FA32700B38A7F /* API Project */;
			targetProxy = 9D67A435293FA32A00B38A7F /* PBXContainerItemProxy */;
		};
		9D67A440293FA32A00B38A7F /* PBXTargetDependency */ = {
			isa = PBXTargetDependency;
			target = 9D67A41D293FA32700B38A7F /* API Project */;
			targetProxy = 9D67A43F293FA32A00B38A7F /* PBXContainerItemProxy */;
		};
/* End PBXTargetDependency section */

/* Begin PBXVariantGroup section */
		9D67A427293FA32700B38A7F /* Main.storyboard */ = {
			isa = PBXVariantGroup;
			children = (
				9D67A428293FA32700B38A7F /* Base */,
			);
			name = Main.storyboard;
			sourceTree = "<group>";
		};
		9D67A42C293FA32A00B38A7F /* LaunchScreen.storyboard */ = {
			isa = PBXVariantGroup;
			children = (
				9D67A42D293FA32A00B38A7F /* Base */,
			);
			name = LaunchScreen.storyboard;
			sourceTree = "<group>";
		};
/* End PBXVariantGroup section */

/* Begin XCBuildConfiguration section */
		9D67A446293FA32A00B38A7F /* Debug */ = {
			isa = XCBuildConfiguration;
			buildSettings = {
				ALWAYS_SEARCH_USER_PATHS = NO;
				CLANG_ANALYZER_NONNULL = YES;
				CLANG_ANALYZER_NUMBER_OBJECT_CONVERSION = YES_AGGRESSIVE;
				CLANG_CXX_LANGUAGE_STANDARD = "gnu++20";
				CLANG_ENABLE_MODULES = YES;
				CLANG_ENABLE_OBJC_ARC = YES;
				CLANG_ENABLE_OBJC_WEAK = YES;
				CLANG_WARN_BLOCK_CAPTURE_AUTORELEASING = YES;
				CLANG_WARN_BOOL_CONVERSION = YES;
				CLANG_WARN_COMMA = YES;
				CLANG_WARN_CONSTANT_CONVERSION = YES;
				CLANG_WARN_DEPRECATED_OBJC_IMPLEMENTATIONS = YES;
				CLANG_WARN_DIRECT_OBJC_ISA_USAGE = YES_ERROR;
				CLANG_WARN_DOCUMENTATION_COMMENTS = YES;
				CLANG_WARN_EMPTY_BODY = YES;
				CLANG_WARN_ENUM_CONVERSION = YES;
				CLANG_WARN_INFINITE_RECURSION = YES;
				CLANG_WARN_INT_CONVERSION = YES;
				CLANG_WARN_NON_LITERAL_NULL_CONVERSION = YES;
				CLANG_WARN_OBJC_IMPLICIT_RETAIN_SELF = YES;
				CLANG_WARN_OBJC_LITERAL_CONVERSION = YES;
				CLANG_WARN_OBJC_ROOT_CLASS = YES_ERROR;
				CLANG_WARN_QUOTED_INCLUDE_IN_FRAMEWORK_HEADER = YES;
				CLANG_WARN_RANGE_LOOP_ANALYSIS = YES;
				CLANG_WARN_STRICT_PROTOTYPES = YES;
				CLANG_WARN_SUSPICIOUS_MOVE = YES;
				CLANG_WARN_UNGUARDED_AVAILABILITY = YES_AGGRESSIVE;
				CLANG_WARN_UNREACHABLE_CODE = YES;
				CLANG_WARN__DUPLICATE_METHOD_MATCH = YES;
				COPY_PHASE_STRIP = NO;
				DEBUG_INFORMATION_FORMAT = dwarf;
				ENABLE_STRICT_OBJC_MSGSEND = YES;
				ENABLE_TESTABILITY = YES;
				GCC_C_LANGUAGE_STANDARD = gnu11;
				GCC_DYNAMIC_NO_PIC = NO;
				GCC_NO_COMMON_BLOCKS = YES;
				GCC_OPTIMIZATION_LEVEL = 0;
				GCC_PREPROCESSOR_DEFINITIONS = (
					"DEBUG=1",
					"$(inherited)",
				);
				GCC_WARN_64_TO_32_BIT_CONVERSION = YES;
				GCC_WARN_ABOUT_RETURN_TYPE = YES_ERROR;
				GCC_WARN_UNDECLARED_SELECTOR = YES;
				GCC_WARN_UNINITIALIZED_AUTOS = YES_AGGRESSIVE;
				GCC_WARN_UNUSED_FUNCTION = YES;
				GCC_WARN_UNUSED_VARIABLE = YES;
				IPHONEOS_DEPLOYMENT_TARGET = 16.1;
				MTL_ENABLE_DEBUG_INFO = INCLUDE_SOURCE;
				MTL_FAST_MATH = YES;
				ONLY_ACTIVE_ARCH = YES;
				SDKROOT = iphoneos;
				SWIFT_ACTIVE_COMPILATION_CONDITIONS = DEBUG;
				SWIFT_OPTIMIZATION_LEVEL = "-Onone";
			};
			name = Debug;
		};
		9D67A447293FA32A00B38A7F /* Release */ = {
			isa = XCBuildConfiguration;
			buildSettings = {
				ALWAYS_SEARCH_USER_PATHS = NO;
				CLANG_ANALYZER_NONNULL = YES;
				CLANG_ANALYZER_NUMBER_OBJECT_CONVERSION = YES_AGGRESSIVE;
				CLANG_CXX_LANGUAGE_STANDARD = "gnu++20";
				CLANG_ENABLE_MODULES = YES;
				CLANG_ENABLE_OBJC_ARC = YES;
				CLANG_ENABLE_OBJC_WEAK = YES;
				CLANG_WARN_BLOCK_CAPTURE_AUTORELEASING = YES;
				CLANG_WARN_BOOL_CONVERSION = YES;
				CLANG_WARN_COMMA = YES;
				CLANG_WARN_CONSTANT_CONVERSION = YES;
				CLANG_WARN_DEPRECATED_OBJC_IMPLEMENTATIONS = YES;
				CLANG_WARN_DIRECT_OBJC_ISA_USAGE = YES_ERROR;
				CLANG_WARN_DOCUMENTATION_COMMENTS = YES;
				CLANG_WARN_EMPTY_BODY = YES;
				CLANG_WARN_ENUM_CONVERSION = YES;
				CLANG_WARN_INFINITE_RECURSION = YES;
				CLANG_WARN_INT_CONVERSION = YES;
				CLANG_WARN_NON_LITERAL_NULL_CONVERSION = YES;
				CLANG_WARN_OBJC_IMPLICIT_RETAIN_SELF = YES;
				CLANG_WARN_OBJC_LITERAL_CONVERSION = YES;
				CLANG_WARN_OBJC_ROOT_CLASS = YES_ERROR;
				CLANG_WARN_QUOTED_INCLUDE_IN_FRAMEWORK_HEADER = YES;
				CLANG_WARN_RANGE_LOOP_ANALYSIS = YES;
				CLANG_WARN_STRICT_PROTOTYPES = YES;
				CLANG_WARN_SUSPICIOUS_MOVE = YES;
				CLANG_WARN_UNGUARDED_AVAILABILITY = YES_AGGRESSIVE;
				CLANG_WARN_UNREACHABLE_CODE = YES;
				CLANG_WARN__DUPLICATE_METHOD_MATCH = YES;
				COPY_PHASE_STRIP = NO;
				DEBUG_INFORMATION_FORMAT = "dwarf-with-dsym";
				ENABLE_NS_ASSERTIONS = NO;
				ENABLE_STRICT_OBJC_MSGSEND = YES;
				GCC_C_LANGUAGE_STANDARD = gnu11;
				GCC_NO_COMMON_BLOCKS = YES;
				GCC_WARN_64_TO_32_BIT_CONVERSION = YES;
				GCC_WARN_ABOUT_RETURN_TYPE = YES_ERROR;
				GCC_WARN_UNDECLARED_SELECTOR = YES;
				GCC_WARN_UNINITIALIZED_AUTOS = YES_AGGRESSIVE;
				GCC_WARN_UNUSED_FUNCTION = YES;
				GCC_WARN_UNUSED_VARIABLE = YES;
				IPHONEOS_DEPLOYMENT_TARGET = 16.1;
				MTL_ENABLE_DEBUG_INFO = NO;
				MTL_FAST_MATH = YES;
				SDKROOT = iphoneos;
				SWIFT_COMPILATION_MODE = wholemodule;
				SWIFT_OPTIMIZATION_LEVEL = "-O";
				VALIDATE_PRODUCT = YES;
			};
			name = Release;
		};
		9D67A449293FA32A00B38A7F /* Debug */ = {
			isa = XCBuildConfiguration;
			buildSettings = {
				ASSETCATALOG_COMPILER_APPICON_NAME = AppIcon;
				ASSETCATALOG_COMPILER_GLOBAL_ACCENT_COLOR_NAME = AccentColor;
				CODE_SIGN_STYLE = Automatic;
				CURRENT_PROJECT_VERSION = 1;
				DEVELOPMENT_TEAM = U994ZW592L;
				GENERATE_INFOPLIST_FILE = YES;
				INFOPLIST_FILE = "API Project/Info.plist";
				INFOPLIST_KEY_UIApplicationSupportsIndirectInputEvents = YES;
				INFOPLIST_KEY_UILaunchStoryboardName = LaunchScreen;
				INFOPLIST_KEY_UIMainStoryboardFile = Main;
				INFOPLIST_KEY_UISupportedInterfaceOrientations_iPad = "UIInterfaceOrientationPortrait UIInterfaceOrientationPortraitUpsideDown UIInterfaceOrientationLandscapeLeft UIInterfaceOrientationLandscapeRight";
				INFOPLIST_KEY_UISupportedInterfaceOrientations_iPhone = "UIInterfaceOrientationPortrait UIInterfaceOrientationLandscapeLeft UIInterfaceOrientationLandscapeRight";
				LD_RUNPATH_SEARCH_PATHS = (
					"$(inherited)",
					"@executable_path/Frameworks",
				);
				MARKETING_VERSION = 1.0;
				PRODUCT_BUNDLE_IDENTIFIER = "Pratice.API-Project";
				PRODUCT_NAME = "$(TARGET_NAME)";
				SWIFT_EMIT_LOC_STRINGS = YES;
				SWIFT_VERSION = 5.0;
				TARGETED_DEVICE_FAMILY = "1,2";
			};
			name = Debug;
		};
		9D67A44A293FA32A00B38A7F /* Release */ = {
			isa = XCBuildConfiguration;
			buildSettings = {
				ASSETCATALOG_COMPILER_APPICON_NAME = AppIcon;
				ASSETCATALOG_COMPILER_GLOBAL_ACCENT_COLOR_NAME = AccentColor;
				CODE_SIGN_STYLE = Automatic;
				CURRENT_PROJECT_VERSION = 1;
				DEVELOPMENT_TEAM = U994ZW592L;
				GENERATE_INFOPLIST_FILE = YES;
				INFOPLIST_FILE = "API Project/Info.plist";
				INFOPLIST_KEY_UIApplicationSupportsIndirectInputEvents = YES;
				INFOPLIST_KEY_UILaunchStoryboardName = LaunchScreen;
				INFOPLIST_KEY_UIMainStoryboardFile = Main;
				INFOPLIST_KEY_UISupportedInterfaceOrientations_iPad = "UIInterfaceOrientationPortrait UIInterfaceOrientationPortraitUpsideDown UIInterfaceOrientationLandscapeLeft UIInterfaceOrientationLandscapeRight";
				INFOPLIST_KEY_UISupportedInterfaceOrientations_iPhone = "UIInterfaceOrientationPortrait UIInterfaceOrientationLandscapeLeft UIInterfaceOrientationLandscapeRight";
				LD_RUNPATH_SEARCH_PATHS = (
					"$(inherited)",
					"@executable_path/Frameworks",
				);
				MARKETING_VERSION = 1.0;
				PRODUCT_BUNDLE_IDENTIFIER = "Pratice.API-Project";
				PRODUCT_NAME = "$(TARGET_NAME)";
				SWIFT_EMIT_LOC_STRINGS = YES;
				SWIFT_VERSION = 5.0;
				TARGETED_DEVICE_FAMILY = "1,2";
			};
			name = Release;
		};
		9D67A44C293FA32A00B38A7F /* Debug */ = {
			isa = XCBuildConfiguration;
			buildSettings = {
				ALWAYS_EMBED_SWIFT_STANDARD_LIBRARIES = YES;
				BUNDLE_LOADER = "$(TEST_HOST)";
				CODE_SIGN_STYLE = Automatic;
				CURRENT_PROJECT_VERSION = 1;
				DEVELOPMENT_TEAM = U994ZW592L;
				GENERATE_INFOPLIST_FILE = YES;
				IPHONEOS_DEPLOYMENT_TARGET = 16.1;
				MARKETING_VERSION = 1.0;
				PRODUCT_BUNDLE_IDENTIFIER = "Pratice.API-ProjectTests";
				PRODUCT_NAME = "$(TARGET_NAME)";
				SWIFT_EMIT_LOC_STRINGS = NO;
				SWIFT_VERSION = 5.0;
				TARGETED_DEVICE_FAMILY = "1,2";
				TEST_HOST = "$(BUILT_PRODUCTS_DIR)/API Project.app/$(BUNDLE_EXECUTABLE_FOLDER_PATH)/API Project";
			};
			name = Debug;
		};
		9D67A44D293FA32A00B38A7F /* Release */ = {
			isa = XCBuildConfiguration;
			buildSettings = {
				ALWAYS_EMBED_SWIFT_STANDARD_LIBRARIES = YES;
				BUNDLE_LOADER = "$(TEST_HOST)";
				CODE_SIGN_STYLE = Automatic;
				CURRENT_PROJECT_VERSION = 1;
				DEVELOPMENT_TEAM = U994ZW592L;
				GENERATE_INFOPLIST_FILE = YES;
				IPHONEOS_DEPLOYMENT_TARGET = 16.1;
				MARKETING_VERSION = 1.0;
				PRODUCT_BUNDLE_IDENTIFIER = "Pratice.API-ProjectTests";
				PRODUCT_NAME = "$(TARGET_NAME)";
				SWIFT_EMIT_LOC_STRINGS = NO;
				SWIFT_VERSION = 5.0;
				TARGETED_DEVICE_FAMILY = "1,2";
				TEST_HOST = "$(BUILT_PRODUCTS_DIR)/API Project.app/$(BUNDLE_EXECUTABLE_FOLDER_PATH)/API Project";
			};
			name = Release;
		};
		9D67A44F293FA32A00B38A7F /* Debug */ = {
			isa = XCBuildConfiguration;
			buildSettings = {
				ALWAYS_EMBED_SWIFT_STANDARD_LIBRARIES = YES;
				CODE_SIGN_STYLE = Automatic;
				CURRENT_PROJECT_VERSION = 1;
				DEVELOPMENT_TEAM = U994ZW592L;
				GENERATE_INFOPLIST_FILE = YES;
				MARKETING_VERSION = 1.0;
				PRODUCT_BUNDLE_IDENTIFIER = "Pratice.API-ProjectUITests";
				PRODUCT_NAME = "$(TARGET_NAME)";
				SWIFT_EMIT_LOC_STRINGS = NO;
				SWIFT_VERSION = 5.0;
				TARGETED_DEVICE_FAMILY = "1,2";
				TEST_TARGET_NAME = "API Project";
			};
			name = Debug;
		};
		9D67A450293FA32A00B38A7F /* Release */ = {
			isa = XCBuildConfiguration;
			buildSettings = {
				ALWAYS_EMBED_SWIFT_STANDARD_LIBRARIES = YES;
				CODE_SIGN_STYLE = Automatic;
				CURRENT_PROJECT_VERSION = 1;
				DEVELOPMENT_TEAM = U994ZW592L;
				GENERATE_INFOPLIST_FILE = YES;
				MARKETING_VERSION = 1.0;
				PRODUCT_BUNDLE_IDENTIFIER = "Pratice.API-ProjectUITests";
				PRODUCT_NAME = "$(TARGET_NAME)";
				SWIFT_EMIT_LOC_STRINGS = NO;
				SWIFT_VERSION = 5.0;
				TARGETED_DEVICE_FAMILY = "1,2";
				TEST_TARGET_NAME = "API Project";
			};
			name = Release;
		};
/* End XCBuildConfiguration section */

/* Begin XCConfigurationList section */
		9D67A419293FA32700B38A7F /* Build configuration list for PBXProject "API Project" */ = {
			isa = XCConfigurationList;
			buildConfigurations = (
				9D67A446293FA32A00B38A7F /* Debug */,
				9D67A447293FA32A00B38A7F /* Release */,
			);
			defaultConfigurationIsVisible = 0;
			defaultConfigurationName = Release;
		};
		9D67A448293FA32A00B38A7F /* Build configuration list for PBXNativeTarget "API Project" */ = {
			isa = XCConfigurationList;
			buildConfigurations = (
				9D67A449293FA32A00B38A7F /* Debug */,
				9D67A44A293FA32A00B38A7F /* Release */,
			);
			defaultConfigurationIsVisible = 0;
			defaultConfigurationName = Release;
		};
		9D67A44B293FA32A00B38A7F /* Build configuration list for PBXNativeTarget "API ProjectTests" */ = {
			isa = XCConfigurationList;
			buildConfigurations = (
				9D67A44C293FA32A00B38A7F /* Debug */,
				9D67A44D293FA32A00B38A7F /* Release */,
			);
			defaultConfigurationIsVisible = 0;
			defaultConfigurationName = Release;
		};
		9D67A44E293FA32A00B38A7F /* Build configuration list for PBXNativeTarget "API ProjectUITests" */ = {
			isa = XCConfigurationList;
			buildConfigurations = (
				9D67A44F293FA32A00B38A7F /* Debug */,
				9D67A450293FA32A00B38A7F /* Release */,
			);
			defaultConfigurationIsVisible = 0;
			defaultConfigurationName = Release;
		};
/* End XCConfigurationList section */
	};
	rootObject = 9D67A416293FA32700B38A7F /* Project object */;
}
