// !$*UTF8*$!
{
	archiveVersion = 1;
	classes = {
	};
	objectVersion = 56;
	objects = {

/* Begin PBXBuildFile section */
		9D27061B290388730099FFEC /* AppDelegate.swift in Sources */ = {isa = PBXBuildFile; fileRef = 9D27061A290388730099FFEC /* AppDelegate.swift */; };
		9D27061D290388730099FFEC /* SceneDelegate.swift in Sources */ = {isa = PBXBuildFile; fileRef = 9D27061C290388730099FFEC /* SceneDelegate.swift */; };
		9D27061F290388730099FFEC /* ViewController.swift in Sources */ = {isa = PBXBuildFile; fileRef = 9D27061E290388730099FFEC /* ViewController.swift */; };
		9D270622290388730099FFEC /* Main.storyboard in Resources */ = {isa = PBXBuildFile; fileRef = 9D270620290388730099FFEC /* Main.storyboard */; };
		9D270624290388750099FFEC /* Assets.xcassets in Resources */ = {isa = PBXBuildFile; fileRef = 9D270623290388750099FFEC /* Assets.xcassets */; };
		9D270627290388750099FFEC /* LaunchScreen.storyboard in Resources */ = {isa = PBXBuildFile; fileRef = 9D270625290388750099FFEC /* LaunchScreen.storyboard */; };
		9D270632290388750099FFEC /* ISpyTests.swift in Sources */ = {isa = PBXBuildFile; fileRef = 9D270631290388750099FFEC /* ISpyTests.swift */; };
		9D27063C290388750099FFEC /* ISpyUITests.swift in Sources */ = {isa = PBXBuildFile; fileRef = 9D27063B290388750099FFEC /* ISpyUITests.swift */; };
		9D27063E290388750099FFEC /* ISpyUITestsLaunchTests.swift in Sources */ = {isa = PBXBuildFile; fileRef = 9D27063D290388750099FFEC /* ISpyUITestsLaunchTests.swift */; };
/* End PBXBuildFile section */

/* Begin PBXContainerItemProxy section */
		9D27062E290388750099FFEC /* PBXContainerItemProxy */ = {
			isa = PBXContainerItemProxy;
			containerPortal = 9D27060F290388730099FFEC /* Project object */;
			proxyType = 1;
			remoteGlobalIDString = 9D270616290388730099FFEC;
			remoteInfo = ISpy;
		};
		9D270638290388750099FFEC /* PBXContainerItemProxy */ = {
			isa = PBXContainerItemProxy;
			containerPortal = 9D27060F290388730099FFEC /* Project object */;
			proxyType = 1;
			remoteGlobalIDString = 9D270616290388730099FFEC;
			remoteInfo = ISpy;
		};
/* End PBXContainerItemProxy section */

/* Begin PBXFileReference section */
		9D270617290388730099FFEC /* ISpy.app */ = {isa = PBXFileReference; explicitFileType = wrapper.application; includeInIndex = 0; path = ISpy.app; sourceTree = BUILT_PRODUCTS_DIR; };
		9D27061A290388730099FFEC /* AppDelegate.swift */ = {isa = PBXFileReference; lastKnownFileType = sourcecode.swift; path = AppDelegate.swift; sourceTree = "<group>"; };
		9D27061C290388730099FFEC /* SceneDelegate.swift */ = {isa = PBXFileReference; lastKnownFileType = sourcecode.swift; path = SceneDelegate.swift; sourceTree = "<group>"; };
		9D27061E290388730099FFEC /* ViewController.swift */ = {isa = PBXFileReference; lastKnownFileType = sourcecode.swift; path = ViewController.swift; sourceTree = "<group>"; };
		9D270621290388730099FFEC /* Base */ = {isa = PBXFileReference; lastKnownFileType = file.storyboard; name = Base; path = Base.lproj/Main.storyboard; sourceTree = "<group>"; };
		9D270623290388750099FFEC /* Assets.xcassets */ = {isa = PBXFileReference; lastKnownFileType = folder.assetcatalog; path = Assets.xcassets; sourceTree = "<group>"; };
		9D270626290388750099FFEC /* Base */ = {isa = PBXFileReference; lastKnownFileType = file.storyboard; name = Base; path = Base.lproj/LaunchScreen.storyboard; sourceTree = "<group>"; };
		9D270628290388750099FFEC /* Info.plist */ = {isa = PBXFileReference; lastKnownFileType = text.plist.xml; path = Info.plist; sourceTree = "<group>"; };
		9D27062D290388750099FFEC /* ISpyTests.xctest */ = {isa = PBXFileReference; explicitFileType = wrapper.cfbundle; includeInIndex = 0; path = ISpyTests.xctest; sourceTree = BUILT_PRODUCTS_DIR; };
		9D270631290388750099FFEC /* ISpyTests.swift */ = {isa = PBXFileReference; lastKnownFileType = sourcecode.swift; path = ISpyTests.swift; sourceTree = "<group>"; };
		9D270637290388750099FFEC /* ISpyUITests.xctest */ = {isa = PBXFileReference; explicitFileType = wrapper.cfbundle; includeInIndex = 0; path = ISpyUITests.xctest; sourceTree = BUILT_PRODUCTS_DIR; };
		9D27063B290388750099FFEC /* ISpyUITests.swift */ = {isa = PBXFileReference; lastKnownFileType = sourcecode.swift; path = ISpyUITests.swift; sourceTree = "<group>"; };
		9D27063D290388750099FFEC /* ISpyUITestsLaunchTests.swift */ = {isa = PBXFileReference; lastKnownFileType = sourcecode.swift; path = ISpyUITestsLaunchTests.swift; sourceTree = "<group>"; };
/* End PBXFileReference section */

/* Begin PBXFrameworksBuildPhase section */
		9D270614290388730099FFEC /* Frameworks */ = {
			isa = PBXFrameworksBuildPhase;
			buildActionMask = 2147483647;
			files = (
			);
			runOnlyForDeploymentPostprocessing = 0;
		};
		9D27062A290388750099FFEC /* Frameworks */ = {
			isa = PBXFrameworksBuildPhase;
			buildActionMask = 2147483647;
			files = (
			);
			runOnlyForDeploymentPostprocessing = 0;
		};
		9D270634290388750099FFEC /* Frameworks */ = {
			isa = PBXFrameworksBuildPhase;
			buildActionMask = 2147483647;
			files = (
			);
			runOnlyForDeploymentPostprocessing = 0;
		};
/* End PBXFrameworksBuildPhase section */

/* Begin PBXGroup section */
		9D27060E290388730099FFEC = {
			isa = PBXGroup;
			children = (
				9D270619290388730099FFEC /* ISpy */,
				9D270630290388750099FFEC /* ISpyTests */,
				9D27063A290388750099FFEC /* ISpyUITests */,
				9D270618290388730099FFEC /* Products */,
			);
			sourceTree = "<group>";
		};
		9D270618290388730099FFEC /* Products */ = {
			isa = PBXGroup;
			children = (
				9D270617290388730099FFEC /* ISpy.app */,
				9D27062D290388750099FFEC /* ISpyTests.xctest */,
				9D270637290388750099FFEC /* ISpyUITests.xctest */,
			);
			name = Products;
			sourceTree = "<group>";
		};
		9D270619290388730099FFEC /* ISpy */ = {
			isa = PBXGroup;
			children = (
				9D27061A290388730099FFEC /* AppDelegate.swift */,
				9D27061C290388730099FFEC /* SceneDelegate.swift */,
				9D27061E290388730099FFEC /* ViewController.swift */,
				9D270620290388730099FFEC /* Main.storyboard */,
				9D270623290388750099FFEC /* Assets.xcassets */,
				9D270625290388750099FFEC /* LaunchScreen.storyboard */,
				9D270628290388750099FFEC /* Info.plist */,
			);
			path = ISpy;
			sourceTree = "<group>";
		};
		9D270630290388750099FFEC /* ISpyTests */ = {
			isa = PBXGroup;
			children = (
				9D270631290388750099FFEC /* ISpyTests.swift */,
			);
			path = ISpyTests;
			sourceTree = "<group>";
		};
		9D27063A290388750099FFEC /* ISpyUITests */ = {
			isa = PBXGroup;
			children = (
				9D27063B290388750099FFEC /* ISpyUITests.swift */,
				9D27063D290388750099FFEC /* ISpyUITestsLaunchTests.swift */,
			);
			path = ISpyUITests;
			sourceTree = "<group>";
		};
/* End PBXGroup section */

/* Begin PBXNativeTarget section */
		9D270616290388730099FFEC /* ISpy */ = {
			isa = PBXNativeTarget;
			buildConfigurationList = 9D270641290388750099FFEC /* Build configuration list for PBXNativeTarget "ISpy" */;
			buildPhases = (
				9D270613290388730099FFEC /* Sources */,
				9D270614290388730099FFEC /* Frameworks */,
				9D270615290388730099FFEC /* Resources */,
			);
			buildRules = (
			);
			dependencies = (
			);
			name = ISpy;
			productName = ISpy;
			productReference = 9D270617290388730099FFEC /* ISpy.app */;
			productType = "com.apple.product-type.application";
		};
		9D27062C290388750099FFEC /* ISpyTests */ = {
			isa = PBXNativeTarget;
			buildConfigurationList = 9D270644290388750099FFEC /* Build configuration list for PBXNativeTarget "ISpyTests" */;
			buildPhases = (
				9D270629290388750099FFEC /* Sources */,
				9D27062A290388750099FFEC /* Frameworks */,
				9D27062B290388750099FFEC /* Resources */,
			);
			buildRules = (
			);
			dependencies = (
				9D27062F290388750099FFEC /* PBXTargetDependency */,
			);
			name = ISpyTests;
			productName = ISpyTests;
			productReference = 9D27062D290388750099FFEC /* ISpyTests.xctest */;
			productType = "com.apple.product-type.bundle.unit-test";
		};
		9D270636290388750099FFEC /* ISpyUITests */ = {
			isa = PBXNativeTarget;
			buildConfigurationList = 9D270647290388750099FFEC /* Build configuration list for PBXNativeTarget "ISpyUITests" */;
			buildPhases = (
				9D270633290388750099FFEC /* Sources */,
				9D270634290388750099FFEC /* Frameworks */,
				9D270635290388750099FFEC /* Resources */,
			);
			buildRules = (
			);
			dependencies = (
				9D270639290388750099FFEC /* PBXTargetDependency */,
			);
			name = ISpyUITests;
			productName = ISpyUITests;
			productReference = 9D270637290388750099FFEC /* ISpyUITests.xctest */;
			productType = "com.apple.product-type.bundle.ui-testing";
		};
/* End PBXNativeTarget section */

/* Begin PBXProject section */
		9D27060F290388730099FFEC /* Project object */ = {
			isa = PBXProject;
			attributes = {
				BuildIndependentTargetsInParallel = 1;
				LastSwiftUpdateCheck = 1400;
				LastUpgradeCheck = 1400;
				TargetAttributes = {
					9D270616290388730099FFEC = {
						CreatedOnToolsVersion = 14.0.1;
					};
					9D27062C290388750099FFEC = {
						CreatedOnToolsVersion = 14.0.1;
						TestTargetID = 9D270616290388730099FFEC;
					};
					9D270636290388750099FFEC = {
						CreatedOnToolsVersion = 14.0.1;
						TestTargetID = 9D270616290388730099FFEC;
					};
				};
			};
			buildConfigurationList = 9D270612290388730099FFEC /* Build configuration list for PBXProject "ISpy" */;
			compatibilityVersion = "Xcode 14.0";
			developmentRegion = en;
			hasScannedForEncodings = 0;
			knownRegions = (
				en,
				Base,
			);
			mainGroup = 9D27060E290388730099FFEC;
			productRefGroup = 9D270618290388730099FFEC /* Products */;
			projectDirPath = "";
			projectRoot = "";
			targets = (
				9D270616290388730099FFEC /* ISpy */,
				9D27062C290388750099FFEC /* ISpyTests */,
				9D270636290388750099FFEC /* ISpyUITests */,
			);
		};
/* End PBXProject section */

/* Begin PBXResourcesBuildPhase section */
		9D270615290388730099FFEC /* Resources */ = {
			isa = PBXResourcesBuildPhase;
			buildActionMask = 2147483647;
			files = (
				9D270627290388750099FFEC /* LaunchScreen.storyboard in Resources */,
				9D270624290388750099FFEC /* Assets.xcassets in Resources */,
				9D270622290388730099FFEC /* Main.storyboard in Resources */,
			);
			runOnlyForDeploymentPostprocessing = 0;
		};
		9D27062B290388750099FFEC /* Resources */ = {
			isa = PBXResourcesBuildPhase;
			buildActionMask = 2147483647;
			files = (
			);
			runOnlyForDeploymentPostprocessing = 0;
		};
		9D270635290388750099FFEC /* Resources */ = {
			isa = PBXResourcesBuildPhase;
			buildActionMask = 2147483647;
			files = (
			);
			runOnlyForDeploymentPostprocessing = 0;
		};
/* End PBXResourcesBuildPhase section */

/* Begin PBXSourcesBuildPhase section */
		9D270613290388730099FFEC /* Sources */ = {
			isa = PBXSourcesBuildPhase;
			buildActionMask = 2147483647;
			files = (
				9D27061F290388730099FFEC /* ViewController.swift in Sources */,
				9D27061B290388730099FFEC /* AppDelegate.swift in Sources */,
				9D27061D290388730099FFEC /* SceneDelegate.swift in Sources */,
			);
			runOnlyForDeploymentPostprocessing = 0;
		};
		9D270629290388750099FFEC /* Sources */ = {
			isa = PBXSourcesBuildPhase;
			buildActionMask = 2147483647;
			files = (
				9D270632290388750099FFEC /* ISpyTests.swift in Sources */,
			);
			runOnlyForDeploymentPostprocessing = 0;
		};
		9D270633290388750099FFEC /* Sources */ = {
			isa = PBXSourcesBuildPhase;
			buildActionMask = 2147483647;
			files = (
				9D27063C290388750099FFEC /* ISpyUITests.swift in Sources */,
				9D27063E290388750099FFEC /* ISpyUITestsLaunchTests.swift in Sources */,
			);
			runOnlyForDeploymentPostprocessing = 0;
		};
/* End PBXSourcesBuildPhase section */

/* Begin PBXTargetDependency section */
		9D27062F290388750099FFEC /* PBXTargetDependency */ = {
			isa = PBXTargetDependency;
			target = 9D270616290388730099FFEC /* ISpy */;
			targetProxy = 9D27062E290388750099FFEC /* PBXContainerItemProxy */;
		};
		9D270639290388750099FFEC /* PBXTargetDependency */ = {
			isa = PBXTargetDependency;
			target = 9D270616290388730099FFEC /* ISpy */;
			targetProxy = 9D270638290388750099FFEC /* PBXContainerItemProxy */;
		};
/* End PBXTargetDependency section */

/* Begin PBXVariantGroup section */
		9D270620290388730099FFEC /* Main.storyboard */ = {
			isa = PBXVariantGroup;
			children = (
				9D270621290388730099FFEC /* Base */,
			);
			name = Main.storyboard;
			sourceTree = "<group>";
		};
		9D270625290388750099FFEC /* LaunchScreen.storyboard */ = {
			isa = PBXVariantGroup;
			children = (
				9D270626290388750099FFEC /* Base */,
			);
			name = LaunchScreen.storyboard;
			sourceTree = "<group>";
		};
/* End PBXVariantGroup section */

/* Begin XCBuildConfiguration section */
		9D27063F290388750099FFEC /* Debug */ = {
			isa = XCBuildConfiguration;
			buildSettings = {
				ALWAYS_SEARCH_USER_PATHS = NO;
				CLANG_ANALYZER_NONNULL = YES;
				CLANG_ANALYZER_NUMBER_OBJECT_CONVERSION = YES_AGGRESSIVE;
				CLANG_CXX_LANGUAGE_STANDARD = "gnu++20";
				CLANG_ENABLE_MODULES = YES;
				CLANG_ENABLE_OBJC_ARC = YES;
				CLANG_ENABLE_OBJC_WEAK = YES;
				CLANG_WARN_BLOCK_CAPTURE_AUTORELEASING = YES;
				CLANG_WARN_BOOL_CONVERSION = YES;
				CLANG_WARN_COMMA = YES;
				CLANG_WARN_CONSTANT_CONVERSION = YES;
				CLANG_WARN_DEPRECATED_OBJC_IMPLEMENTATIONS = YES;
				CLANG_WARN_DIRECT_OBJC_ISA_USAGE = YES_ERROR;
				CLANG_WARN_DOCUMENTATION_COMMENTS = YES;
				CLANG_WARN_EMPTY_BODY = YES;
				CLANG_WARN_ENUM_CONVERSION = YES;
				CLANG_WARN_INFINITE_RECURSION = YES;
				CLANG_WARN_INT_CONVERSION = YES;
				CLANG_WARN_NON_LITERAL_NULL_CONVERSION = YES;
				CLANG_WARN_OBJC_IMPLICIT_RETAIN_SELF = YES;
				CLANG_WARN_OBJC_LITERAL_CONVERSION = YES;
				CLANG_WARN_OBJC_ROOT_CLASS = YES_ERROR;
				CLANG_WARN_QUOTED_INCLUDE_IN_FRAMEWORK_HEADER = YES;
				CLANG_WARN_RANGE_LOOP_ANALYSIS = YES;
				CLANG_WARN_STRICT_PROTOTYPES = YES;
				CLANG_WARN_SUSPICIOUS_MOVE = YES;
				CLANG_WARN_UNGUARDED_AVAILABILITY = YES_AGGRESSIVE;
				CLANG_WARN_UNREACHABLE_CODE = YES;
				CLANG_WARN__DUPLICATE_METHOD_MATCH = YES;
				COPY_PHASE_STRIP = NO;
				DEBUG_INFORMATION_FORMAT = dwarf;
				ENABLE_STRICT_OBJC_MSGSEND = YES;
				ENABLE_TESTABILITY = YES;
				GCC_C_LANGUAGE_STANDARD = gnu11;
				GCC_DYNAMIC_NO_PIC = NO;
				GCC_NO_COMMON_BLOCKS = YES;
				GCC_OPTIMIZATION_LEVEL = 0;
				GCC_PREPROCESSOR_DEFINITIONS = (
					"DEBUG=1",
					"$(inherited)",
				);
				GCC_WARN_64_TO_32_BIT_CONVERSION = YES;
				GCC_WARN_ABOUT_RETURN_TYPE = YES_ERROR;
				GCC_WARN_UNDECLARED_SELECTOR = YES;
				GCC_WARN_UNINITIALIZED_AUTOS = YES_AGGRESSIVE;
				GCC_WARN_UNUSED_FUNCTION = YES;
				GCC_WARN_UNUSED_VARIABLE = YES;
				IPHONEOS_DEPLOYMENT_TARGET = 16.0;
				MTL_ENABLE_DEBUG_INFO = INCLUDE_SOURCE;
				MTL_FAST_MATH = YES;
				ONLY_ACTIVE_ARCH = YES;
				SDKROOT = iphoneos;
				SWIFT_ACTIVE_COMPILATION_CONDITIONS = DEBUG;
				SWIFT_OPTIMIZATION_LEVEL = "-Onone";
			};
			name = Debug;
		};
		9D270640290388750099FFEC /* Release */ = {
			isa = XCBuildConfiguration;
			buildSettings = {
				ALWAYS_SEARCH_USER_PATHS = NO;
				CLANG_ANALYZER_NONNULL = YES;
				CLANG_ANALYZER_NUMBER_OBJECT_CONVERSION = YES_AGGRESSIVE;
				CLANG_CXX_LANGUAGE_STANDARD = "gnu++20";
				CLANG_ENABLE_MODULES = YES;
				CLANG_ENABLE_OBJC_ARC = YES;
				CLANG_ENABLE_OBJC_WEAK = YES;
				CLANG_WARN_BLOCK_CAPTURE_AUTORELEASING = YES;
				CLANG_WARN_BOOL_CONVERSION = YES;
				CLANG_WARN_COMMA = YES;
				CLANG_WARN_CONSTANT_CONVERSION = YES;
				CLANG_WARN_DEPRECATED_OBJC_IMPLEMENTATIONS = YES;
				CLANG_WARN_DIRECT_OBJC_ISA_USAGE = YES_ERROR;
				CLANG_WARN_DOCUMENTATION_COMMENTS = YES;
				CLANG_WARN_EMPTY_BODY = YES;
				CLANG_WARN_ENUM_CONVERSION = YES;
				CLANG_WARN_INFINITE_RECURSION = YES;
				CLANG_WARN_INT_CONVERSION = YES;
				CLANG_WARN_NON_LITERAL_NULL_CONVERSION = YES;
				CLANG_WARN_OBJC_IMPLICIT_RETAIN_SELF = YES;
				CLANG_WARN_OBJC_LITERAL_CONVERSION = YES;
				CLANG_WARN_OBJC_ROOT_CLASS = YES_ERROR;
				CLANG_WARN_QUOTED_INCLUDE_IN_FRAMEWORK_HEADER = YES;
				CLANG_WARN_RANGE_LOOP_ANALYSIS = YES;
				CLANG_WARN_STRICT_PROTOTYPES = YES;
				CLANG_WARN_SUSPICIOUS_MOVE = YES;
				CLANG_WARN_UNGUARDED_AVAILABILITY = YES_AGGRESSIVE;
				CLANG_WARN_UNREACHABLE_CODE = YES;
				CLANG_WARN__DUPLICATE_METHOD_MATCH = YES;
				COPY_PHASE_STRIP = NO;
				DEBUG_INFORMATION_FORMAT = "dwarf-with-dsym";
				ENABLE_NS_ASSERTIONS = NO;
				ENABLE_STRICT_OBJC_MSGSEND = YES;
				GCC_C_LANGUAGE_STANDARD = gnu11;
				GCC_NO_COMMON_BLOCKS = YES;
				GCC_WARN_64_TO_32_BIT_CONVERSION = YES;
				GCC_WARN_ABOUT_RETURN_TYPE = YES_ERROR;
				GCC_WARN_UNDECLARED_SELECTOR = YES;
				GCC_WARN_UNINITIALIZED_AUTOS = YES_AGGRESSIVE;
				GCC_WARN_UNUSED_FUNCTION = YES;
				GCC_WARN_UNUSED_VARIABLE = YES;
				IPHONEOS_DEPLOYMENT_TARGET = 16.0;
				MTL_ENABLE_DEBUG_INFO = NO;
				MTL_FAST_MATH = YES;
				SDKROOT = iphoneos;
				SWIFT_COMPILATION_MODE = wholemodule;
				SWIFT_OPTIMIZATION_LEVEL = "-O";
				VALIDATE_PRODUCT = YES;
			};
			name = Release;
		};
		9D270642290388750099FFEC /* Debug */ = {
			isa = XCBuildConfiguration;
			buildSettings = {
				ASSETCATALOG_COMPILER_APPICON_NAME = AppIcon;
				ASSETCATALOG_COMPILER_GLOBAL_ACCENT_COLOR_NAME = AccentColor;
				CODE_SIGN_STYLE = Automatic;
				CURRENT_PROJECT_VERSION = 1;
				DEVELOPMENT_TEAM = U994ZW592L;
				GENERATE_INFOPLIST_FILE = YES;
				INFOPLIST_FILE = ISpy/Info.plist;
				INFOPLIST_KEY_UIApplicationSupportsIndirectInputEvents = YES;
				INFOPLIST_KEY_UILaunchStoryboardName = LaunchScreen;
				INFOPLIST_KEY_UIMainStoryboardFile = Main;
				INFOPLIST_KEY_UISupportedInterfaceOrientations_iPad = "UIInterfaceOrientationPortrait UIInterfaceOrientationPortraitUpsideDown UIInterfaceOrientationLandscapeLeft UIInterfaceOrientationLandscapeRight";
				INFOPLIST_KEY_UISupportedInterfaceOrientations_iPhone = "UIInterfaceOrientationPortrait UIInterfaceOrientationLandscapeLeft UIInterfaceOrientationLandscapeRight";
				LD_RUNPATH_SEARCH_PATHS = (
					"$(inherited)",
					"@executable_path/Frameworks",
				);
				MARKETING_VERSION = 1.0;
				PRODUCT_BUNDLE_IDENTIFIER = Practice.ISpy;
				PRODUCT_NAME = "$(TARGET_NAME)";
				SWIFT_EMIT_LOC_STRINGS = YES;
				SWIFT_VERSION = 5.0;
				TARGETED_DEVICE_FAMILY = "1,2";
			};
			name = Debug;
		};
		9D270643290388750099FFEC /* Release */ = {
			isa = XCBuildConfiguration;
			buildSettings = {
				ASSETCATALOG_COMPILER_APPICON_NAME = AppIcon;
				ASSETCATALOG_COMPILER_GLOBAL_ACCENT_COLOR_NAME = AccentColor;
				CODE_SIGN_STYLE = Automatic;
				CURRENT_PROJECT_VERSION = 1;
				DEVELOPMENT_TEAM = U994ZW592L;
				GENERATE_INFOPLIST_FILE = YES;
				INFOPLIST_FILE = ISpy/Info.plist;
				INFOPLIST_KEY_UIApplicationSupportsIndirectInputEvents = YES;
				INFOPLIST_KEY_UILaunchStoryboardName = LaunchScreen;
				INFOPLIST_KEY_UIMainStoryboardFile = Main;
				INFOPLIST_KEY_UISupportedInterfaceOrientations_iPad = "UIInterfaceOrientationPortrait UIInterfaceOrientationPortraitUpsideDown UIInterfaceOrientationLandscapeLeft UIInterfaceOrientationLandscapeRight";
				INFOPLIST_KEY_UISupportedInterfaceOrientations_iPhone = "UIInterfaceOrientationPortrait UIInterfaceOrientationLandscapeLeft UIInterfaceOrientationLandscapeRight";
				LD_RUNPATH_SEARCH_PATHS = (
					"$(inherited)",
					"@executable_path/Frameworks",
				);
				MARKETING_VERSION = 1.0;
				PRODUCT_BUNDLE_IDENTIFIER = Practice.ISpy;
				PRODUCT_NAME = "$(TARGET_NAME)";
				SWIFT_EMIT_LOC_STRINGS = YES;
				SWIFT_VERSION = 5.0;
				TARGETED_DEVICE_FAMILY = "1,2";
			};
			name = Release;
		};
		9D270645290388750099FFEC /* Debug */ = {
			isa = XCBuildConfiguration;
			buildSettings = {
				ALWAYS_EMBED_SWIFT_STANDARD_LIBRARIES = YES;
				BUNDLE_LOADER = "$(TEST_HOST)";
				CODE_SIGN_STYLE = Automatic;
				CURRENT_PROJECT_VERSION = 1;
				DEVELOPMENT_TEAM = U994ZW592L;
				GENERATE_INFOPLIST_FILE = YES;
				IPHONEOS_DEPLOYMENT_TARGET = 16.0;
				MARKETING_VERSION = 1.0;
				PRODUCT_BUNDLE_IDENTIFIER = Practice.ISpyTests;
				PRODUCT_NAME = "$(TARGET_NAME)";
				SWIFT_EMIT_LOC_STRINGS = NO;
				SWIFT_VERSION = 5.0;
				TARGETED_DEVICE_FAMILY = "1,2";
				TEST_HOST = "$(BUILT_PRODUCTS_DIR)/ISpy.app/$(BUNDLE_EXECUTABLE_FOLDER_PATH)/ISpy";
			};
			name = Debug;
		};
		9D270646290388750099FFEC /* Release */ = {
			isa = XCBuildConfiguration;
			buildSettings = {
				ALWAYS_EMBED_SWIFT_STANDARD_LIBRARIES = YES;
				BUNDLE_LOADER = "$(TEST_HOST)";
				CODE_SIGN_STYLE = Automatic;
				CURRENT_PROJECT_VERSION = 1;
				DEVELOPMENT_TEAM = U994ZW592L;
				GENERATE_INFOPLIST_FILE = YES;
				IPHONEOS_DEPLOYMENT_TARGET = 16.0;
				MARKETING_VERSION = 1.0;
				PRODUCT_BUNDLE_IDENTIFIER = Practice.ISpyTests;
				PRODUCT_NAME = "$(TARGET_NAME)";
				SWIFT_EMIT_LOC_STRINGS = NO;
				SWIFT_VERSION = 5.0;
				TARGETED_DEVICE_FAMILY = "1,2";
				TEST_HOST = "$(BUILT_PRODUCTS_DIR)/ISpy.app/$(BUNDLE_EXECUTABLE_FOLDER_PATH)/ISpy";
			};
			name = Release;
		};
		9D270648290388750099FFEC /* Debug */ = {
			isa = XCBuildConfiguration;
			buildSettings = {
				ALWAYS_EMBED_SWIFT_STANDARD_LIBRARIES = YES;
				CODE_SIGN_STYLE = Automatic;
				CURRENT_PROJECT_VERSION = 1;
				DEVELOPMENT_TEAM = U994ZW592L;
				GENERATE_INFOPLIST_FILE = YES;
				MARKETING_VERSION = 1.0;
				PRODUCT_BUNDLE_IDENTIFIER = Practice.ISpyUITests;
				PRODUCT_NAME = "$(TARGET_NAME)";
				SWIFT_EMIT_LOC_STRINGS = NO;
				SWIFT_VERSION = 5.0;
				TARGETED_DEVICE_FAMILY = "1,2";
				TEST_TARGET_NAME = ISpy;
			};
			name = Debug;
		};
		9D270649290388750099FFEC /* Release */ = {
			isa = XCBuildConfiguration;
			buildSettings = {
				ALWAYS_EMBED_SWIFT_STANDARD_LIBRARIES = YES;
				CODE_SIGN_STYLE = Automatic;
				CURRENT_PROJECT_VERSION = 1;
				DEVELOPMENT_TEAM = U994ZW592L;
				GENERATE_INFOPLIST_FILE = YES;
				MARKETING_VERSION = 1.0;
				PRODUCT_BUNDLE_IDENTIFIER = Practice.ISpyUITests;
				PRODUCT_NAME = "$(TARGET_NAME)";
				SWIFT_EMIT_LOC_STRINGS = NO;
				SWIFT_VERSION = 5.0;
				TARGETED_DEVICE_FAMILY = "1,2";
				TEST_TARGET_NAME = ISpy;
			};
			name = Release;
		};
/* End XCBuildConfiguration section */

/* Begin XCConfigurationList section */
		9D270612290388730099FFEC /* Build configuration list for PBXProject "ISpy" */ = {
			isa = XCConfigurationList;
			buildConfigurations = (
				9D27063F290388750099FFEC /* Debug */,
				9D270640290388750099FFEC /* Release */,
			);
			defaultConfigurationIsVisible = 0;
			defaultConfigurationName = Release;
		};
		9D270641290388750099FFEC /* Build configuration list for PBXNativeTarget "ISpy" */ = {
			isa = XCConfigurationList;
			buildConfigurations = (
				9D270642290388750099FFEC /* Debug */,
				9D270643290388750099FFEC /* Release */,
			);
			defaultConfigurationIsVisible = 0;
			defaultConfigurationName = Release;
		};
		9D270644290388750099FFEC /* Build configuration list for PBXNativeTarget "ISpyTests" */ = {
			isa = XCConfigurationList;
			buildConfigurations = (
				9D270645290388750099FFEC /* Debug */,
				9D270646290388750099FFEC /* Release */,
			);
			defaultConfigurationIsVisible = 0;
			defaultConfigurationName = Release;
		};
		9D270647290388750099FFEC /* Build configuration list for PBXNativeTarget "ISpyUITests" */ = {
			isa = XCConfigurationList;
			buildConfigurations = (
				9D270648290388750099FFEC /* Debug */,
				9D270649290388750099FFEC /* Release */,
			);
			defaultConfigurationIsVisible = 0;
			defaultConfigurationName = Release;
		};
/* End XCConfigurationList section */
	};
	rootObject = 9D27060F290388730099FFEC /* Project object */;
}
