// !$*UTF8*$!
{
	archiveVersion = 1;
	classes = {
	};
	objectVersion = 55;
	objects = {

/* Begin PBXBuildFile section */
		9D63A4E528D382FE00E8A5A4 /* AppDelegate.swift in Sources */ = {isa = PBXBuildFile; fileRef = 9D63A4E428D382FE00E8A5A4 /* AppDelegate.swift */; };
		9D63A4E728D382FE00E8A5A4 /* SceneDelegate.swift in Sources */ = {isa = PBXBuildFile; fileRef = 9D63A4E628D382FE00E8A5A4 /* SceneDelegate.swift */; };
		9D63A4E928D382FE00E8A5A4 /* ViewController.swift in Sources */ = {isa = PBXBuildFile; fileRef = 9D63A4E828D382FE00E8A5A4 /* ViewController.swift */; };
		9D63A4EC28D382FE00E8A5A4 /* Main.storyboard in Resources */ = {isa = PBXBuildFile; fileRef = 9D63A4EA28D382FE00E8A5A4 /* Main.storyboard */; };
		9D63A4EE28D382FF00E8A5A4 /* Assets.xcassets in Resources */ = {isa = PBXBuildFile; fileRef = 9D63A4ED28D382FF00E8A5A4 /* Assets.xcassets */; };
		9D63A4F128D382FF00E8A5A4 /* LaunchScreen.storyboard in Resources */ = {isa = PBXBuildFile; fileRef = 9D63A4EF28D382FF00E8A5A4 /* LaunchScreen.storyboard */; };
		9D63A4FC28D3830000E8A5A4 /* LoginTests.swift in Sources */ = {isa = PBXBuildFile; fileRef = 9D63A4FB28D3830000E8A5A4 /* LoginTests.swift */; };
		9D63A50628D3830000E8A5A4 /* LoginUITests.swift in Sources */ = {isa = PBXBuildFile; fileRef = 9D63A50528D3830000E8A5A4 /* LoginUITests.swift */; };
		9D63A50828D3830000E8A5A4 /* LoginUITestsLaunchTests.swift in Sources */ = {isa = PBXBuildFile; fileRef = 9D63A50728D3830000E8A5A4 /* LoginUITestsLaunchTests.swift */; };
/* End PBXBuildFile section */

/* Begin PBXContainerItemProxy section */
		9D63A4F828D3830000E8A5A4 /* PBXContainerItemProxy */ = {
			isa = PBXContainerItemProxy;
			containerPortal = 9D63A4D928D382FE00E8A5A4 /* Project object */;
			proxyType = 1;
			remoteGlobalIDString = 9D63A4E028D382FE00E8A5A4;
			remoteInfo = Login;
		};
		9D63A50228D3830000E8A5A4 /* PBXContainerItemProxy */ = {
			isa = PBXContainerItemProxy;
			containerPortal = 9D63A4D928D382FE00E8A5A4 /* Project object */;
			proxyType = 1;
			remoteGlobalIDString = 9D63A4E028D382FE00E8A5A4;
			remoteInfo = Login;
		};
/* End PBXContainerItemProxy section */

/* Begin PBXFileReference section */
		9D63A4E128D382FE00E8A5A4 /* Login.app */ = {isa = PBXFileReference; explicitFileType = wrapper.application; includeInIndex = 0; path = Login.app; sourceTree = BUILT_PRODUCTS_DIR; };
		9D63A4E428D382FE00E8A5A4 /* AppDelegate.swift */ = {isa = PBXFileReference; lastKnownFileType = sourcecode.swift; path = AppDelegate.swift; sourceTree = "<group>"; };
		9D63A4E628D382FE00E8A5A4 /* SceneDelegate.swift */ = {isa = PBXFileReference; lastKnownFileType = sourcecode.swift; path = SceneDelegate.swift; sourceTree = "<group>"; };
		9D63A4E828D382FE00E8A5A4 /* ViewController.swift */ = {isa = PBXFileReference; lastKnownFileType = sourcecode.swift; path = ViewController.swift; sourceTree = "<group>"; };
		9D63A4EB28D382FE00E8A5A4 /* Base */ = {isa = PBXFileReference; lastKnownFileType = file.storyboard; name = Base; path = Base.lproj/Main.storyboard; sourceTree = "<group>"; };
		9D63A4ED28D382FF00E8A5A4 /* Assets.xcassets */ = {isa = PBXFileReference; lastKnownFileType = folder.assetcatalog; path = Assets.xcassets; sourceTree = "<group>"; };
		9D63A4F028D382FF00E8A5A4 /* Base */ = {isa = PBXFileReference; lastKnownFileType = file.storyboard; name = Base; path = Base.lproj/LaunchScreen.storyboard; sourceTree = "<group>"; };
		9D63A4F228D382FF00E8A5A4 /* Info.plist */ = {isa = PBXFileReference; lastKnownFileType = text.plist.xml; path = Info.plist; sourceTree = "<group>"; };
		9D63A4F728D3830000E8A5A4 /* LoginTests.xctest */ = {isa = PBXFileReference; explicitFileType = wrapper.cfbundle; includeInIndex = 0; path = LoginTests.xctest; sourceTree = BUILT_PRODUCTS_DIR; };
		9D63A4FB28D3830000E8A5A4 /* LoginTests.swift */ = {isa = PBXFileReference; lastKnownFileType = sourcecode.swift; path = LoginTests.swift; sourceTree = "<group>"; };
		9D63A50128D3830000E8A5A4 /* LoginUITests.xctest */ = {isa = PBXFileReference; explicitFileType = wrapper.cfbundle; includeInIndex = 0; path = LoginUITests.xctest; sourceTree = BUILT_PRODUCTS_DIR; };
		9D63A50528D3830000E8A5A4 /* LoginUITests.swift */ = {isa = PBXFileReference; lastKnownFileType = sourcecode.swift; path = LoginUITests.swift; sourceTree = "<group>"; };
		9D63A50728D3830000E8A5A4 /* LoginUITestsLaunchTests.swift */ = {isa = PBXFileReference; lastKnownFileType = sourcecode.swift; path = LoginUITestsLaunchTests.swift; sourceTree = "<group>"; };
/* End PBXFileReference section */

/* Begin PBXFrameworksBuildPhase section */
		9D63A4DE28D382FE00E8A5A4 /* Frameworks */ = {
			isa = PBXFrameworksBuildPhase;
			buildActionMask = 2147483647;
			files = (
			);
			runOnlyForDeploymentPostprocessing = 0;
		};
		9D63A4F428D3830000E8A5A4 /* Frameworks */ = {
			isa = PBXFrameworksBuildPhase;
			buildActionMask = 2147483647;
			files = (
			);
			runOnlyForDeploymentPostprocessing = 0;
		};
		9D63A4FE28D3830000E8A5A4 /* Frameworks */ = {
			isa = PBXFrameworksBuildPhase;
			buildActionMask = 2147483647;
			files = (
			);
			runOnlyForDeploymentPostprocessing = 0;
		};
/* End PBXFrameworksBuildPhase section */

/* Begin PBXGroup section */
		9D63A4D828D382FE00E8A5A4 = {
			isa = PBXGroup;
			children = (
				9D63A4E328D382FE00E8A5A4 /* Login */,
				9D63A4FA28D3830000E8A5A4 /* LoginTests */,
				9D63A50428D3830000E8A5A4 /* LoginUITests */,
				9D63A4E228D382FE00E8A5A4 /* Products */,
			);
			sourceTree = "<group>";
		};
		9D63A4E228D382FE00E8A5A4 /* Products */ = {
			isa = PBXGroup;
			children = (
				9D63A4E128D382FE00E8A5A4 /* Login.app */,
				9D63A4F728D3830000E8A5A4 /* LoginTests.xctest */,
				9D63A50128D3830000E8A5A4 /* LoginUITests.xctest */,
			);
			name = Products;
			sourceTree = "<group>";
		};
		9D63A4E328D382FE00E8A5A4 /* Login */ = {
			isa = PBXGroup;
			children = (
				9D63A4E428D382FE00E8A5A4 /* AppDelegate.swift */,
				9D63A4E628D382FE00E8A5A4 /* SceneDelegate.swift */,
				9D63A4E828D382FE00E8A5A4 /* ViewController.swift */,
				9D63A4EA28D382FE00E8A5A4 /* Main.storyboard */,
				9D63A4ED28D382FF00E8A5A4 /* Assets.xcassets */,
				9D63A4EF28D382FF00E8A5A4 /* LaunchScreen.storyboard */,
				9D63A4F228D382FF00E8A5A4 /* Info.plist */,
			);
			path = Login;
			sourceTree = "<group>";
		};
		9D63A4FA28D3830000E8A5A4 /* LoginTests */ = {
			isa = PBXGroup;
			children = (
				9D63A4FB28D3830000E8A5A4 /* LoginTests.swift */,
			);
			path = LoginTests;
			sourceTree = "<group>";
		};
		9D63A50428D3830000E8A5A4 /* LoginUITests */ = {
			isa = PBXGroup;
			children = (
				9D63A50528D3830000E8A5A4 /* LoginUITests.swift */,
				9D63A50728D3830000E8A5A4 /* LoginUITestsLaunchTests.swift */,
			);
			path = LoginUITests;
			sourceTree = "<group>";
		};
/* End PBXGroup section */

/* Begin PBXNativeTarget section */
		9D63A4E028D382FE00E8A5A4 /* Login */ = {
			isa = PBXNativeTarget;
			buildConfigurationList = 9D63A50B28D3830000E8A5A4 /* Build configuration list for PBXNativeTarget "Login" */;
			buildPhases = (
				9D63A4DD28D382FE00E8A5A4 /* Sources */,
				9D63A4DE28D382FE00E8A5A4 /* Frameworks */,
				9D63A4DF28D382FE00E8A5A4 /* Resources */,
			);
			buildRules = (
			);
			dependencies = (
			);
			name = Login;
			productName = Login;
			productReference = 9D63A4E128D382FE00E8A5A4 /* Login.app */;
			productType = "com.apple.product-type.application";
		};
		9D63A4F628D3830000E8A5A4 /* LoginTests */ = {
			isa = PBXNativeTarget;
			buildConfigurationList = 9D63A50E28D3830000E8A5A4 /* Build configuration list for PBXNativeTarget "LoginTests" */;
			buildPhases = (
				9D63A4F328D3830000E8A5A4 /* Sources */,
				9D63A4F428D3830000E8A5A4 /* Frameworks */,
				9D63A4F528D3830000E8A5A4 /* Resources */,
			);
			buildRules = (
			);
			dependencies = (
				9D63A4F928D3830000E8A5A4 /* PBXTargetDependency */,
			);
			name = LoginTests;
			productName = LoginTests;
			productReference = 9D63A4F728D3830000E8A5A4 /* LoginTests.xctest */;
			productType = "com.apple.product-type.bundle.unit-test";
		};
		9D63A50028D3830000E8A5A4 /* LoginUITests */ = {
			isa = PBXNativeTarget;
			buildConfigurationList = 9D63A51128D3830000E8A5A4 /* Build configuration list for PBXNativeTarget "LoginUITests" */;
			buildPhases = (
				9D63A4FD28D3830000E8A5A4 /* Sources */,
				9D63A4FE28D3830000E8A5A4 /* Frameworks */,
				9D63A4FF28D3830000E8A5A4 /* Resources */,
			);
			buildRules = (
			);
			dependencies = (
				9D63A50328D3830000E8A5A4 /* PBXTargetDependency */,
			);
			name = LoginUITests;
			productName = LoginUITests;
			productReference = 9D63A50128D3830000E8A5A4 /* LoginUITests.xctest */;
			productType = "com.apple.product-type.bundle.ui-testing";
		};
/* End PBXNativeTarget section */

/* Begin PBXProject section */
		9D63A4D928D382FE00E8A5A4 /* Project object */ = {
			isa = PBXProject;
			attributes = {
				BuildIndependentTargetsInParallel = 1;
				LastSwiftUpdateCheck = 1340;
				LastUpgradeCheck = 1340;
				TargetAttributes = {
					9D63A4E028D382FE00E8A5A4 = {
						CreatedOnToolsVersion = 13.4.1;
					};
					9D63A4F628D3830000E8A5A4 = {
						CreatedOnToolsVersion = 13.4.1;
						TestTargetID = 9D63A4E028D382FE00E8A5A4;
					};
					9D63A50028D3830000E8A5A4 = {
						CreatedOnToolsVersion = 13.4.1;
						TestTargetID = 9D63A4E028D382FE00E8A5A4;
					};
				};
			};
			buildConfigurationList = 9D63A4DC28D382FE00E8A5A4 /* Build configuration list for PBXProject "Login" */;
			compatibilityVersion = "Xcode 13.0";
			developmentRegion = en;
			hasScannedForEncodings = 0;
			knownRegions = (
				en,
				Base,
			);
			mainGroup = 9D63A4D828D382FE00E8A5A4;
			productRefGroup = 9D63A4E228D382FE00E8A5A4 /* Products */;
			projectDirPath = "";
			projectRoot = "";
			targets = (
				9D63A4E028D382FE00E8A5A4 /* Login */,
				9D63A4F628D3830000E8A5A4 /* LoginTests */,
				9D63A50028D3830000E8A5A4 /* LoginUITests */,
			);
		};
/* End PBXProject section */

/* Begin PBXResourcesBuildPhase section */
		9D63A4DF28D382FE00E8A5A4 /* Resources */ = {
			isa = PBXResourcesBuildPhase;
			buildActionMask = 2147483647;
			files = (
				9D63A4F128D382FF00E8A5A4 /* LaunchScreen.storyboard in Resources */,
				9D63A4EE28D382FF00E8A5A4 /* Assets.xcassets in Resources */,
				9D63A4EC28D382FE00E8A5A4 /* Main.storyboard in Resources */,
			);
			runOnlyForDeploymentPostprocessing = 0;
		};
		9D63A4F528D3830000E8A5A4 /* Resources */ = {
			isa = PBXResourcesBuildPhase;
			buildActionMask = 2147483647;
			files = (
			);
			runOnlyForDeploymentPostprocessing = 0;
		};
		9D63A4FF28D3830000E8A5A4 /* Resources */ = {
			isa = PBXResourcesBuildPhase;
			buildActionMask = 2147483647;
			files = (
			);
			runOnlyForDeploymentPostprocessing = 0;
		};
/* End PBXResourcesBuildPhase section */

/* Begin PBXSourcesBuildPhase section */
		9D63A4DD28D382FE00E8A5A4 /* Sources */ = {
			isa = PBXSourcesBuildPhase;
			buildActionMask = 2147483647;
			files = (
				9D63A4E928D382FE00E8A5A4 /* ViewController.swift in Sources */,
				9D63A4E528D382FE00E8A5A4 /* AppDelegate.swift in Sources */,
				9D63A4E728D382FE00E8A5A4 /* SceneDelegate.swift in Sources */,
			);
			runOnlyForDeploymentPostprocessing = 0;
		};
		9D63A4F328D3830000E8A5A4 /* Sources */ = {
			isa = PBXSourcesBuildPhase;
			buildActionMask = 2147483647;
			files = (
				9D63A4FC28D3830000E8A5A4 /* LoginTests.swift in Sources */,
			);
			runOnlyForDeploymentPostprocessing = 0;
		};
		9D63A4FD28D3830000E8A5A4 /* Sources */ = {
			isa = PBXSourcesBuildPhase;
			buildActionMask = 2147483647;
			files = (
				9D63A50828D3830000E8A5A4 /* LoginUITestsLaunchTests.swift in Sources */,
				9D63A50628D3830000E8A5A4 /* LoginUITests.swift in Sources */,
			);
			runOnlyForDeploymentPostprocessing = 0;
		};
/* End PBXSourcesBuildPhase section */

/* Begin PBXTargetDependency section */
		9D63A4F928D3830000E8A5A4 /* PBXTargetDependency */ = {
			isa = PBXTargetDependency;
			target = 9D63A4E028D382FE00E8A5A4 /* Login */;
			targetProxy = 9D63A4F828D3830000E8A5A4 /* PBXContainerItemProxy */;
		};
		9D63A50328D3830000E8A5A4 /* PBXTargetDependency */ = {
			isa = PBXTargetDependency;
			target = 9D63A4E028D382FE00E8A5A4 /* Login */;
			targetProxy = 9D63A50228D3830000E8A5A4 /* PBXContainerItemProxy */;
		};
/* End PBXTargetDependency section */

/* Begin PBXVariantGroup section */
		9D63A4EA28D382FE00E8A5A4 /* Main.storyboard */ = {
			isa = PBXVariantGroup;
			children = (
				9D63A4EB28D382FE00E8A5A4 /* Base */,
			);
			name = Main.storyboard;
			sourceTree = "<group>";
		};
		9D63A4EF28D382FF00E8A5A4 /* LaunchScreen.storyboard */ = {
			isa = PBXVariantGroup;
			children = (
				9D63A4F028D382FF00E8A5A4 /* Base */,
			);
			name = LaunchScreen.storyboard;
			sourceTree = "<group>";
		};
/* End PBXVariantGroup section */

/* Begin XCBuildConfiguration section */
		9D63A50928D3830000E8A5A4 /* Debug */ = {
			isa = XCBuildConfiguration;
			buildSettings = {
				ALWAYS_SEARCH_USER_PATHS = NO;
				CLANG_ANALYZER_NONNULL = YES;
				CLANG_ANALYZER_NUMBER_OBJECT_CONVERSION = YES_AGGRESSIVE;
				CLANG_CXX_LANGUAGE_STANDARD = "gnu++17";
				CLANG_ENABLE_MODULES = YES;
				CLANG_ENABLE_OBJC_ARC = YES;
				CLANG_ENABLE_OBJC_WEAK = YES;
				CLANG_WARN_BLOCK_CAPTURE_AUTORELEASING = YES;
				CLANG_WARN_BOOL_CONVERSION = YES;
				CLANG_WARN_COMMA = YES;
				CLANG_WARN_CONSTANT_CONVERSION = YES;
				CLANG_WARN_DEPRECATED_OBJC_IMPLEMENTATIONS = YES;
				CLANG_WARN_DIRECT_OBJC_ISA_USAGE = YES_ERROR;
				CLANG_WARN_DOCUMENTATION_COMMENTS = YES;
				CLANG_WARN_EMPTY_BODY = YES;
				CLANG_WARN_ENUM_CONVERSION = YES;
				CLANG_WARN_INFINITE_RECURSION = YES;
				CLANG_WARN_INT_CONVERSION = YES;
				CLANG_WARN_NON_LITERAL_NULL_CONVERSION = YES;
				CLANG_WARN_OBJC_IMPLICIT_RETAIN_SELF = YES;
				CLANG_WARN_OBJC_LITERAL_CONVERSION = YES;
				CLANG_WARN_OBJC_ROOT_CLASS = YES_ERROR;
				CLANG_WARN_QUOTED_INCLUDE_IN_FRAMEWORK_HEADER = YES;
				CLANG_WARN_RANGE_LOOP_ANALYSIS = YES;
				CLANG_WARN_STRICT_PROTOTYPES = YES;
				CLANG_WARN_SUSPICIOUS_MOVE = YES;
				CLANG_WARN_UNGUARDED_AVAILABILITY = YES_AGGRESSIVE;
				CLANG_WARN_UNREACHABLE_CODE = YES;
				CLANG_WARN__DUPLICATE_METHOD_MATCH = YES;
				COPY_PHASE_STRIP = NO;
				DEBUG_INFORMATION_FORMAT = dwarf;
				ENABLE_STRICT_OBJC_MSGSEND = YES;
				ENABLE_TESTABILITY = YES;
				GCC_C_LANGUAGE_STANDARD = gnu11;
				GCC_DYNAMIC_NO_PIC = NO;
				GCC_NO_COMMON_BLOCKS = YES;
				GCC_OPTIMIZATION_LEVEL = 0;
				GCC_PREPROCESSOR_DEFINITIONS = (
					"DEBUG=1",
					"$(inherited)",
				);
				GCC_WARN_64_TO_32_BIT_CONVERSION = YES;
				GCC_WARN_ABOUT_RETURN_TYPE = YES_ERROR;
				GCC_WARN_UNDECLARED_SELECTOR = YES;
				GCC_WARN_UNINITIALIZED_AUTOS = YES_AGGRESSIVE;
				GCC_WARN_UNUSED_FUNCTION = YES;
				GCC_WARN_UNUSED_VARIABLE = YES;
				IPHONEOS_DEPLOYMENT_TARGET = 15.5;
				MTL_ENABLE_DEBUG_INFO = INCLUDE_SOURCE;
				MTL_FAST_MATH = YES;
				ONLY_ACTIVE_ARCH = YES;
				SDKROOT = iphoneos;
				SWIFT_ACTIVE_COMPILATION_CONDITIONS = DEBUG;
				SWIFT_OPTIMIZATION_LEVEL = "-Onone";
			};
			name = Debug;
		};
		9D63A50A28D3830000E8A5A4 /* Release */ = {
			isa = XCBuildConfiguration;
			buildSettings = {
				ALWAYS_SEARCH_USER_PATHS = NO;
				CLANG_ANALYZER_NONNULL = YES;
				CLANG_ANALYZER_NUMBER_OBJECT_CONVERSION = YES_AGGRESSIVE;
				CLANG_CXX_LANGUAGE_STANDARD = "gnu++17";
				CLANG_ENABLE_MODULES = YES;
				CLANG_ENABLE_OBJC_ARC = YES;
				CLANG_ENABLE_OBJC_WEAK = YES;
				CLANG_WARN_BLOCK_CAPTURE_AUTORELEASING = YES;
				CLANG_WARN_BOOL_CONVERSION = YES;
				CLANG_WARN_COMMA = YES;
				CLANG_WARN_CONSTANT_CONVERSION = YES;
				CLANG_WARN_DEPRECATED_OBJC_IMPLEMENTATIONS = YES;
				CLANG_WARN_DIRECT_OBJC_ISA_USAGE = YES_ERROR;
				CLANG_WARN_DOCUMENTATION_COMMENTS = YES;
				CLANG_WARN_EMPTY_BODY = YES;
				CLANG_WARN_ENUM_CONVERSION = YES;
				CLANG_WARN_INFINITE_RECURSION = YES;
				CLANG_WARN_INT_CONVERSION = YES;
				CLANG_WARN_NON_LITERAL_NULL_CONVERSION = YES;
				CLANG_WARN_OBJC_IMPLICIT_RETAIN_SELF = YES;
				CLANG_WARN_OBJC_LITERAL_CONVERSION = YES;
				CLANG_WARN_OBJC_ROOT_CLASS = YES_ERROR;
				CLANG_WARN_QUOTED_INCLUDE_IN_FRAMEWORK_HEADER = YES;
				CLANG_WARN_RANGE_LOOP_ANALYSIS = YES;
				CLANG_WARN_STRICT_PROTOTYPES = YES;
				CLANG_WARN_SUSPICIOUS_MOVE = YES;
				CLANG_WARN_UNGUARDED_AVAILABILITY = YES_AGGRESSIVE;
				CLANG_WARN_UNREACHABLE_CODE = YES;
				CLANG_WARN__DUPLICATE_METHOD_MATCH = YES;
				COPY_PHASE_STRIP = NO;
				DEBUG_INFORMATION_FORMAT = "dwarf-with-dsym";
				ENABLE_NS_ASSERTIONS = NO;
				ENABLE_STRICT_OBJC_MSGSEND = YES;
				GCC_C_LANGUAGE_STANDARD = gnu11;
				GCC_NO_COMMON_BLOCKS = YES;
				GCC_WARN_64_TO_32_BIT_CONVERSION = YES;
				GCC_WARN_ABOUT_RETURN_TYPE = YES_ERROR;
				GCC_WARN_UNDECLARED_SELECTOR = YES;
				GCC_WARN_UNINITIALIZED_AUTOS = YES_AGGRESSIVE;
				GCC_WARN_UNUSED_FUNCTION = YES;
				GCC_WARN_UNUSED_VARIABLE = YES;
				IPHONEOS_DEPLOYMENT_TARGET = 15.5;
				MTL_ENABLE_DEBUG_INFO = NO;
				MTL_FAST_MATH = YES;
				SDKROOT = iphoneos;
				SWIFT_COMPILATION_MODE = wholemodule;
				SWIFT_OPTIMIZATION_LEVEL = "-O";
				VALIDATE_PRODUCT = YES;
			};
			name = Release;
		};
		9D63A50C28D3830000E8A5A4 /* Debug */ = {
			isa = XCBuildConfiguration;
			buildSettings = {
				ASSETCATALOG_COMPILER_APPICON_NAME = AppIcon;
				ASSETCATALOG_COMPILER_GLOBAL_ACCENT_COLOR_NAME = AccentColor;
				CODE_SIGN_STYLE = Automatic;
				CURRENT_PROJECT_VERSION = 1;
				DEVELOPMENT_TEAM = U994ZW592L;
				GENERATE_INFOPLIST_FILE = YES;
				INFOPLIST_FILE = Login/Info.plist;
				INFOPLIST_KEY_UIApplicationSupportsIndirectInputEvents = YES;
				INFOPLIST_KEY_UILaunchStoryboardName = LaunchScreen;
				INFOPLIST_KEY_UIMainStoryboardFile = Main;
				INFOPLIST_KEY_UISupportedInterfaceOrientations_iPad = "UIInterfaceOrientationPortrait UIInterfaceOrientationPortraitUpsideDown UIInterfaceOrientationLandscapeLeft UIInterfaceOrientationLandscapeRight";
				INFOPLIST_KEY_UISupportedInterfaceOrientations_iPhone = "UIInterfaceOrientationPortrait UIInterfaceOrientationLandscapeLeft UIInterfaceOrientationLandscapeRight";
				LD_RUNPATH_SEARCH_PATHS = (
					"$(inherited)",
					"@executable_path/Frameworks",
				);
				MARKETING_VERSION = 1.0;
				PRODUCT_BUNDLE_IDENTIFIER = Practice.Login;
				PRODUCT_NAME = "$(TARGET_NAME)";
				SWIFT_EMIT_LOC_STRINGS = YES;
				SWIFT_VERSION = 5.0;
				TARGETED_DEVICE_FAMILY = "1,2";
			};
			name = Debug;
		};
		9D63A50D28D3830000E8A5A4 /* Release */ = {
			isa = XCBuildConfiguration;
			buildSettings = {
				ASSETCATALOG_COMPILER_APPICON_NAME = AppIcon;
				ASSETCATALOG_COMPILER_GLOBAL_ACCENT_COLOR_NAME = AccentColor;
				CODE_SIGN_STYLE = Automatic;
				CURRENT_PROJECT_VERSION = 1;
				DEVELOPMENT_TEAM = U994ZW592L;
				GENERATE_INFOPLIST_FILE = YES;
				INFOPLIST_FILE = Login/Info.plist;
				INFOPLIST_KEY_UIApplicationSupportsIndirectInputEvents = YES;
				INFOPLIST_KEY_UILaunchStoryboardName = LaunchScreen;
				INFOPLIST_KEY_UIMainStoryboardFile = Main;
				INFOPLIST_KEY_UISupportedInterfaceOrientations_iPad = "UIInterfaceOrientationPortrait UIInterfaceOrientationPortraitUpsideDown UIInterfaceOrientationLandscapeLeft UIInterfaceOrientationLandscapeRight";
				INFOPLIST_KEY_UISupportedInterfaceOrientations_iPhone = "UIInterfaceOrientationPortrait UIInterfaceOrientationLandscapeLeft UIInterfaceOrientationLandscapeRight";
				LD_RUNPATH_SEARCH_PATHS = (
					"$(inherited)",
					"@executable_path/Frameworks",
				);
				MARKETING_VERSION = 1.0;
				PRODUCT_BUNDLE_IDENTIFIER = Practice.Login;
				PRODUCT_NAME = "$(TARGET_NAME)";
				SWIFT_EMIT_LOC_STRINGS = YES;
				SWIFT_VERSION = 5.0;
				TARGETED_DEVICE_FAMILY = "1,2";
			};
			name = Release;
		};
		9D63A50F28D3830000E8A5A4 /* Debug */ = {
			isa = XCBuildConfiguration;
			buildSettings = {
				ALWAYS_EMBED_SWIFT_STANDARD_LIBRARIES = YES;
				BUNDLE_LOADER = "$(TEST_HOST)";
				CODE_SIGN_STYLE = Automatic;
				CURRENT_PROJECT_VERSION = 1;
				DEVELOPMENT_TEAM = U994ZW592L;
				GENERATE_INFOPLIST_FILE = YES;
				IPHONEOS_DEPLOYMENT_TARGET = 15.5;
				MARKETING_VERSION = 1.0;
				PRODUCT_BUNDLE_IDENTIFIER = Practice.LoginTests;
				PRODUCT_NAME = "$(TARGET_NAME)";
				SWIFT_EMIT_LOC_STRINGS = NO;
				SWIFT_VERSION = 5.0;
				TARGETED_DEVICE_FAMILY = "1,2";
				TEST_HOST = "$(BUILT_PRODUCTS_DIR)/Login.app/Login";
			};
			name = Debug;
		};
		9D63A51028D3830000E8A5A4 /* Release */ = {
			isa = XCBuildConfiguration;
			buildSettings = {
				ALWAYS_EMBED_SWIFT_STANDARD_LIBRARIES = YES;
				BUNDLE_LOADER = "$(TEST_HOST)";
				CODE_SIGN_STYLE = Automatic;
				CURRENT_PROJECT_VERSION = 1;
				DEVELOPMENT_TEAM = U994ZW592L;
				GENERATE_INFOPLIST_FILE = YES;
				IPHONEOS_DEPLOYMENT_TARGET = 15.5;
				MARKETING_VERSION = 1.0;
				PRODUCT_BUNDLE_IDENTIFIER = Practice.LoginTests;
				PRODUCT_NAME = "$(TARGET_NAME)";
				SWIFT_EMIT_LOC_STRINGS = NO;
				SWIFT_VERSION = 5.0;
				TARGETED_DEVICE_FAMILY = "1,2";
				TEST_HOST = "$(BUILT_PRODUCTS_DIR)/Login.app/Login";
			};
			name = Release;
		};
		9D63A51228D3830000E8A5A4 /* Debug */ = {
			isa = XCBuildConfiguration;
			buildSettings = {
				ALWAYS_EMBED_SWIFT_STANDARD_LIBRARIES = YES;
				CODE_SIGN_STYLE = Automatic;
				CURRENT_PROJECT_VERSION = 1;
				DEVELOPMENT_TEAM = U994ZW592L;
				GENERATE_INFOPLIST_FILE = YES;
				MARKETING_VERSION = 1.0;
				PRODUCT_BUNDLE_IDENTIFIER = Practice.LoginUITests;
				PRODUCT_NAME = "$(TARGET_NAME)";
				SWIFT_EMIT_LOC_STRINGS = NO;
				SWIFT_VERSION = 5.0;
				TARGETED_DEVICE_FAMILY = "1,2";
				TEST_TARGET_NAME = Login;
			};
			name = Debug;
		};
		9D63A51328D3830000E8A5A4 /* Release */ = {
			isa = XCBuildConfiguration;
			buildSettings = {
				ALWAYS_EMBED_SWIFT_STANDARD_LIBRARIES = YES;
				CODE_SIGN_STYLE = Automatic;
				CURRENT_PROJECT_VERSION = 1;
				DEVELOPMENT_TEAM = U994ZW592L;
				GENERATE_INFOPLIST_FILE = YES;
				MARKETING_VERSION = 1.0;
				PRODUCT_BUNDLE_IDENTIFIER = Practice.LoginUITests;
				PRODUCT_NAME = "$(TARGET_NAME)";
				SWIFT_EMIT_LOC_STRINGS = NO;
				SWIFT_VERSION = 5.0;
				TARGETED_DEVICE_FAMILY = "1,2";
				TEST_TARGET_NAME = Login;
			};
			name = Release;
		};
/* End XCBuildConfiguration section */

/* Begin XCConfigurationList section */
		9D63A4DC28D382FE00E8A5A4 /* Build configuration list for PBXProject "Login" */ = {
			isa = XCConfigurationList;
			buildConfigurations = (
				9D63A50928D3830000E8A5A4 /* Debug */,
				9D63A50A28D3830000E8A5A4 /* Release */,
			);
			defaultConfigurationIsVisible = 0;
			defaultConfigurationName = Release;
		};
		9D63A50B28D3830000E8A5A4 /* Build configuration list for PBXNativeTarget "Login" */ = {
			isa = XCConfigurationList;
			buildConfigurations = (
				9D63A50C28D3830000E8A5A4 /* Debug */,
				9D63A50D28D3830000E8A5A4 /* Release */,
			);
			defaultConfigurationIsVisible = 0;
			defaultConfigurationName = Release;
		};
		9D63A50E28D3830000E8A5A4 /* Build configuration list for PBXNativeTarget "LoginTests" */ = {
			isa = XCConfigurationList;
			buildConfigurations = (
				9D63A50F28D3830000E8A5A4 /* Debug */,
				9D63A51028D3830000E8A5A4 /* Release */,
			);
			defaultConfigurationIsVisible = 0;
			defaultConfigurationName = Release;
		};
		9D63A51128D3830000E8A5A4 /* Build configuration list for PBXNativeTarget "LoginUITests" */ = {
			isa = XCConfigurationList;
			buildConfigurations = (
				9D63A51228D3830000E8A5A4 /* Debug */,
				9D63A51328D3830000E8A5A4 /* Release */,
			);
			defaultConfigurationIsVisible = 0;
			defaultConfigurationName = Release;
		};
/* End XCConfigurationList section */
	};
	rootObject = 9D63A4D928D382FE00E8A5A4 /* Project object */;
}
